PODS:
  - AvatarImageView (2.2.0)
  - CoreStore (6.3.1)
  - DropDown (2.3.13)
  - MBProgressHUD (1.1.0)
  - Nimble (8.0.1)
  - Quick (2.0.0)
  - RxCocoa (4.5.0):
    - RxSwift (>= 4.4.2, ~> 4.4)
  - RxSwift (4.5.0)
  - SDWebImage (5.0.1):
    - SDWebImage/Core (= 5.0.1)
  - SDWebImage/Core (5.0.1)
  - SKPhotoBrowser (6.1.0)
  - SwiftLint (0.31.0)
  - Swinject (2.6.0)
  - SwinjectStoryboard (2.2.0):
    - Swinject (~> 2.6)
  - SwipeCellKit (2.6.0)
  - Toaster (2.2.0)
  - TPKeyboardAvoiding (1.3.2)
  - TTTAttributedLabel (2.0.0)
  - "UIImage+Additions (2.1.4)"
  - UIScrollView-InfiniteScroll (1.1.0)

DEPENDENCIES:
  - AvatarImageView (~> 2.2)
  - CoreStore (~> 6.3)
  - DropDown (~> 2.3)
  - MBProgressHUD (~> 1.1)
  - Nimble (~> 8.0)
  - Quick (~> 2.0)
  - RxCocoa (~> 4.5)
  - RxSwift (~> 4.5)
  - SDWebImage (~> 5.0)
  - SKPhotoBrowser (~> 6.1)
  - SwiftLint (~> 0.31)
  - Swinject (~> 2.6)
  - SwinjectStoryboard (~> 2.2)
  - SwipeCellKit (~> 2.6)
  - Toaster (~> 2.2)
  - TPKeyboardAvoiding (~> 1.3)
  - TTTAttributedLabel (~> 2.0)
  - "UIImage+Additions (~> 2.1)"
  - UIScrollView-InfiniteScroll (~> 1.1)

SPEC REPOS:
  https://github.com/cocoapods/specs.git:
    - AvatarImageView
    - CoreStore
    - DropDown
    - MBProgressHUD
    - Nimble
    - Quick
    - RxCocoa
    - RxSwift
    - SDWebImage
    - SKPhotoBrowser
    - SwiftLint
    - Swinject
    - SwinjectStoryboard
    - SwipeCellKit
    - Toaster
    - TPKeyboardAvoiding
    - TTTAttributedLabel
    - "UIImage+Additions"
    - UIScrollView-InfiniteScroll

SPEC CHECKSUMS:
  AvatarImageView: afe8e7eb50181ca3f095e21034f245676b535c55
  CoreStore: 1ce7b77a95f0939d90b2d1e04e66a4a5bc1614d7
  DropDown: 8a2116376c1981888557f72ec2ffc9a5e0e456ec
  MBProgressHUD: e7baa36a220447d8aeb12769bf0585582f3866d9
  Nimble: 45f786ae66faa9a709624227fae502db55a8bdd0
  Quick: ce1276c7c27ba2da3cb2fd0cde053c3648b3b22d
  RxCocoa: cbf70265dc65a981d4ac982e513c10cf23df24a0
  RxSwift: f172070dfd1a93d70a9ab97a5a01166206e1c575
  SDWebImage: 27dd2c9ea07a2252f94557c9fbb6105ee94b74c9
  SKPhotoBrowser: 343de95d89dc7913763c5dda243cc6e606e4a168
  SwiftLint: 7a0227733d786395817373b2d0ca799fd0093ff3
  Swinject: 48a96cda93633cf2860697b4ce76ab5db9ebaca2
  SwinjectStoryboard: 32512ef16c2b0ff5b8f823b23539c4a50f6d3383
  SwipeCellKit: 935ca28c187ec6e1ffb2b578cf8ddca842bfdcbb
  Toaster: c1a81b376edcc2470157b4d1ee1e9341d3b96455
  TPKeyboardAvoiding: cb69d5ddbe90ce0170e4bc2db1e5e41d4a3ad9a4
  TTTAttributedLabel: 8cffe8e127e4e82ff3af1e5386d4cd0ad000b656
  "UIImage+Additions": da531911c34e298b46b567a28df03bb098af1389
  UIScrollView-InfiniteScroll: 3ef456bcbe759c19f510a383cff96e6647c98c98

PODFILE CHECKSUM: f03a0e71643df982c3a1171e40d5c82534202279

COCOAPODS: 1.7.0.rc.1
