PODS:
  - CoreStore (4.2.4)
  - KeychainSwift (10.0.0)
  - MBProgressHUD (1.1.0)
  - MFCard (1.2.5)
  - Mobile-Buy-SDK (3.1.3)
  - RxCocoa (4.0.0):
    - RxSwift (~> 4.0)
  - RxSwift (4.0.0)
  - SDWebImage (4.2.2):
    - SDWebImage/Core (= 4.2.2)
  - SDWebImage/Core (4.2.2)
  - SKPhotoBrowser (5.0.0)
  - Toaster (2.1.1)
  - TPKeyboardAvoiding (1.3.2)
  - UIScrollView-InfiniteScroll (1.0.2)

DEPENDENCIES:
  - CoreStore (~> 4.2)
  - KeychainSwift (~> 10.0)
  - MBProgressHUD (~> 1.0)
  - MFCard (~> 1.2)
  - Mobile-Buy-SDK (~> 3.1)
  - RxCocoa (~> 4.0)
  - RxSwift (~> 4.0)
  - SDWebImage (~> 4.1)
  - SKPhotoBrowser (~> 5.0)
  - Toaster (~> 2.1)
  - TPKeyboardAvoiding (~> 1.3)
  - UIScrollView-InfiniteScroll (~> 1.0)

SPEC CHECKSUMS:
  CoreStore: 1b8a116d9e3f3e0e0be588b57bc4a7dbb5adf3d5
  KeychainSwift: f9f7910449a0c0fd2cabc889121530dd2c477c33
  MBProgressHUD: e7baa36a220447d8aeb12769bf0585582f3866d9
  MFCard: f0daf3314c81ba70f493e7877b0cc1c69378527c
  Mobile-Buy-SDK: b13db0864c8ca04379746b77e56a93ad5d4028b3
  RxCocoa: d62846ca96495d862fa4c59ea7d87e5031d7340e
  RxSwift: fd680d75283beb5e2559486f3c0ff852f0d35334
  SDWebImage: 89a9d32cd520bbb46eb14e541d5109b3564af198
  SKPhotoBrowser: fe936f878955a568c726bf05d14e1d2717d91ce0
  Toaster: a6c9532de1ded8105e77376f7dffeb2e12b46dbb
  TPKeyboardAvoiding: cb69d5ddbe90ce0170e4bc2db1e5e41d4a3ad9a4
  UIScrollView-InfiniteScroll: c132d6d5851daff229ab4a1060ccf70a05a051c9

PODFILE CHECKSUM: 4b369f420f8ebd1bdb5d71cd9be812bb42b80506

COCOAPODS: 1.3.1
