// !$*UTF8*$!
{
	archiveVersion = 1;
	classes = {
	};
	objectVersion = 46;
	objects = {

/* Begin PBXBuildFile section */
		6106C6C51F796E1900E87486 /* SearchViewControllerDelegate.swift in Sources */ = {isa = PBXBuildFile; fileRef = 6106C6C41F796E1900E87486 /* SearchViewControllerDelegate.swift */; };
		6106C6C81F7A40A600E87486 /* ArticleDetails.storyboard in Resources */ = {isa = PBXBuildFile; fileRef = 6106C6C71F7A40A600E87486 /* ArticleDetails.storyboard */; };
		6106C6CB1F7A40F400E87486 /* ArticleDetailsViewController.swift in Sources */ = {isa = PBXBuildFile; fileRef = 6106C6CA1F7A40F400E87486 /* ArticleDetailsViewController.swift */; };
		6107F0D91F8F8C7000547DA9 /* ImageRepository.swift in Sources */ = {isa = PBXBuildFile; fileRef = 6107F0D81F8F8C7000547DA9 /* ImageRepository.swift */; };
		6107F0DC1F8FA70C00547DA9 /* ShopifyCategoryAdapter.swift in Sources */ = {isa = PBXBuildFile; fileRef = 6107F0DB1F8FA70C00547DA9 /* ShopifyCategoryAdapter.swift */; };
		610873AB1F7D027200BF81CA /* ProductDetailsViewController.swift in Sources */ = {isa = PBXBuildFile; fileRef = 610873A51F7D027200BF81CA /* ProductDetailsViewController.swift */; };
		610A4F891F8E7F5500A56919 /* CategoryRepository.swift in Sources */ = {isa = PBXBuildFile; fileRef = 610A4F881F8E7F5500A56919 /* CategoryRepository.swift */; };
		61127A331F879C5C00565AB1 /* Splash.storyboard in Resources */ = {isa = PBXBuildFile; fileRef = 61127A321F879C5C00565AB1 /* Splash.storyboard */; };
		611B70EA1F7C19E20056BAF9 /* SortModalDelegate.swift in Sources */ = {isa = PBXBuildFile; fileRef = 611B70E91F7C19E20056BAF9 /* SortModalDelegate.swift */; };
		611EF33E1F56CBB1001B8B9C /* ShopCoreAPI.swift in Sources */ = {isa = PBXBuildFile; fileRef = 611EF33D1F56CBB1001B8B9C /* ShopCoreAPI.swift */; };
		611EF3411F56CBE6001B8B9C /* ShopAPIProtocol.swift in Sources */ = {isa = PBXBuildFile; fileRef = 611EF3401F56CBE6001B8B9C /* ShopAPIProtocol.swift */; };
		611EF3441F56DA2A001B8B9C /* ShopifyAPI.swift in Sources */ = {isa = PBXBuildFile; fileRef = 611EF3431F56DA2A001B8B9C /* ShopifyAPI.swift */; };
		6124BCE31F73C2880099E879 /* PolicyViewController.swift in Sources */ = {isa = PBXBuildFile; fileRef = 6124BCE21F73C2880099E879 /* PolicyViewController.swift */; };
		612C0DEB1F62F8C5003F37BD /* ShopifyCategoryEdgeAdapter.swift in Sources */ = {isa = PBXBuildFile; fileRef = 612C0DEA1F62F8C5003F37BD /* ShopifyCategoryEdgeAdapter.swift */; };
		612DE2571F6C3ADA00582B58 /* Author.swift in Sources */ = {isa = PBXBuildFile; fileRef = 612DE2561F6C3ADA00582B58 /* Author.swift */; };
		612DE2591F6C3C1E00582B58 /* ShopifyArticleAdapter.swift in Sources */ = {isa = PBXBuildFile; fileRef = 612DE2581F6C3C1E00582B58 /* ShopifyArticleAdapter.swift */; };
		612DE25B1F6C3F3C00582B58 /* ShopifyAuthorAdapter.swift in Sources */ = {isa = PBXBuildFile; fileRef = 612DE25A1F6C3F3C00582B58 /* ShopifyAuthorAdapter.swift */; };
		6133392D1F6957AF0063A754 /* DetailsImagesCollectionViewCell.swift in Sources */ = {isa = PBXBuildFile; fileRef = 6133392B1F6957AF0063A754 /* DetailsImagesCollectionViewCell.swift */; };
		6133392E1F6957AF0063A754 /* DetailsImagesCollectionViewCell.xib in Resources */ = {isa = PBXBuildFile; fileRef = 6133392C1F6957AF0063A754 /* DetailsImagesCollectionViewCell.xib */; };
		613339331F695A820063A754 /* UIViewControllerChilds.swift in Sources */ = {isa = PBXBuildFile; fileRef = 613339321F695A820063A754 /* UIViewControllerChilds.swift */; };
		614142C11F6AEF0400379BB9 /* HomeViewController.swift in Sources */ = {isa = PBXBuildFile; fileRef = 614142C01F6AEF0400379BB9 /* HomeViewController.swift */; };
		614142C51F6AF15B00379BB9 /* LastArrivalsTableViewCell.swift in Sources */ = {isa = PBXBuildFile; fileRef = 614142C31F6AF15B00379BB9 /* LastArrivalsTableViewCell.swift */; };
		614142C61F6AF15B00379BB9 /* LastArrivalsTableViewCell.xib in Resources */ = {isa = PBXBuildFile; fileRef = 614142C41F6AF15B00379BB9 /* LastArrivalsTableViewCell.xib */; };
		614142C81F6AF24E00379BB9 /* HomeTableDataSource.swift in Sources */ = {isa = PBXBuildFile; fileRef = 614142C71F6AF24E00379BB9 /* HomeTableDataSource.swift */; };
		614142CA1F6AF26300379BB9 /* HomeTableDelegate.swift in Sources */ = {isa = PBXBuildFile; fileRef = 614142C91F6AF26300379BB9 /* HomeTableDelegate.swift */; };
		614142D31F6BD2A400379BB9 /* LastArrivalsCollectionViewCell.swift in Sources */ = {isa = PBXBuildFile; fileRef = 614142D11F6BD2A400379BB9 /* LastArrivalsCollectionViewCell.swift */; };
		614142D41F6BD2A400379BB9 /* LastArrivalsCollectionViewCell.xib in Resources */ = {isa = PBXBuildFile; fileRef = 614142D21F6BD2A400379BB9 /* LastArrivalsCollectionViewCell.xib */; };
		614142D61F6BD70400379BB9 /* LastArrivalsTableDataSource.swift in Sources */ = {isa = PBXBuildFile; fileRef = 614142D51F6BD70400379BB9 /* LastArrivalsTableDataSource.swift */; };
		614142D81F6BD8B200379BB9 /* LastArrivalsTableDelegate.swift in Sources */ = {isa = PBXBuildFile; fileRef = 614142D71F6BD8B200379BB9 /* LastArrivalsTableDelegate.swift */; };
		614142DA1F6C266000379BB9 /* Article.swift in Sources */ = {isa = PBXBuildFile; fileRef = 614142D91F6C266000379BB9 /* Article.swift */; };
		6141AAA91F8BDD8500F9019B /* UIViewControllerAlert.swift in Sources */ = {isa = PBXBuildFile; fileRef = 6141AAA81F8BDD8500F9019B /* UIViewControllerAlert.swift */; };
		6141AAB11F8BE7ED00F9019B /* SplashViewController.swift in Sources */ = {isa = PBXBuildFile; fileRef = 6141AAAB1F8BE7ED00F9019B /* SplashViewController.swift */; };
		6141AAB21F8BE7ED00F9019B /* SplashWorker.swift in Sources */ = {isa = PBXBuildFile; fileRef = 6141AAAC1F8BE7ED00F9019B /* SplashWorker.swift */; };
		6141AAB31F8BE7ED00F9019B /* SplashRouter.swift in Sources */ = {isa = PBXBuildFile; fileRef = 6141AAAD1F8BE7ED00F9019B /* SplashRouter.swift */; };
		6141AAB41F8BE7ED00F9019B /* SplashInteractor.swift in Sources */ = {isa = PBXBuildFile; fileRef = 6141AAAE1F8BE7ED00F9019B /* SplashInteractor.swift */; };
		6141AAB51F8BE7ED00F9019B /* SplashModels.swift in Sources */ = {isa = PBXBuildFile; fileRef = 6141AAAF1F8BE7ED00F9019B /* SplashModels.swift */; };
		6141AAB61F8BE7ED00F9019B /* SplashPresenter.swift in Sources */ = {isa = PBXBuildFile; fileRef = 6141AAB01F8BE7ED00F9019B /* SplashPresenter.swift */; };
		6141AAB91F8BE92700F9019B /* ShopClient.xcdatamodeld in Sources */ = {isa = PBXBuildFile; fileRef = 6141AAB71F8BE92700F9019B /* ShopClient.xcdatamodeld */; };
		6152B1211F79149900045A42 /* ArticlesList.storyboard in Resources */ = {isa = PBXBuildFile; fileRef = 6152B1201F79149900045A42 /* ArticlesList.storyboard */; };
		6152B1241F7914E800045A42 /* ArticlesListViewController.swift in Sources */ = {isa = PBXBuildFile; fileRef = 6152B1231F7914E800045A42 /* ArticlesListViewController.swift */; };
		6152B1261F79181100045A42 /* ArticlesListTableDataSource.swift in Sources */ = {isa = PBXBuildFile; fileRef = 6152B1251F79181100045A42 /* ArticlesListTableDataSource.swift */; };
		6152B1281F791A1100045A42 /* ArticlesListTableDelegate.swift in Sources */ = {isa = PBXBuildFile; fileRef = 6152B1271F791A1100045A42 /* ArticlesListTableDelegate.swift */; };
		61534F271F73E24F00F24189 /* LastArrivalsLoadMoreCell.swift in Sources */ = {isa = PBXBuildFile; fileRef = 61534F251F73E24F00F24189 /* LastArrivalsLoadMoreCell.swift */; };
		61534F281F73E24F00F24189 /* LastArrivalsLoadMoreCell.xib in Resources */ = {isa = PBXBuildFile; fileRef = 61534F261F73E24F00F24189 /* LastArrivalsLoadMoreCell.xib */; };
		61534F2A1F73EC2F00F24189 /* LastArrivals.storyboard in Resources */ = {isa = PBXBuildFile; fileRef = 61534F291F73EC2F00F24189 /* LastArrivals.storyboard */; };
		61534F301F73EE5E00F24189 /* LastArrivalsViewController.swift in Sources */ = {isa = PBXBuildFile; fileRef = 61534F2F1F73EE5E00F24189 /* LastArrivalsViewController.swift */; };
		617B07EB1F90DDDB00F3463C /* ProductOptionRepository.swift in Sources */ = {isa = PBXBuildFile; fileRef = 617B07EA1F90DDDB00F3463C /* ProductOptionRepository.swift */; };
		6180ABFF1F729CF7007768F2 /* MenuDefaultTableViewCell.swift in Sources */ = {isa = PBXBuildFile; fileRef = 6180ABFD1F729CF7007768F2 /* MenuDefaultTableViewCell.swift */; };
		6180AC001F729CF7007768F2 /* MenuDefaultTableViewCell.xib in Resources */ = {isa = PBXBuildFile; fileRef = 6180ABFE1F729CF7007768F2 /* MenuDefaultTableViewCell.xib */; };
		6180AC031F72CD14007768F2 /* Localizable.strings in Resources */ = {isa = PBXBuildFile; fileRef = 6180AC021F72CD14007768F2 /* Localizable.strings */; };
		6180AC051F72CF19007768F2 /* MenuTableDelegate.swift in Sources */ = {isa = PBXBuildFile; fileRef = 6180AC041F72CF19007768F2 /* MenuTableDelegate.swift */; };
		6180AC071F72D266007768F2 /* Category.storyboard in Resources */ = {isa = PBXBuildFile; fileRef = 6180AC061F72D266007768F2 /* Category.storyboard */; };
		6180AC0A1F72D2D6007768F2 /* CategoryViewController.swift in Sources */ = {isa = PBXBuildFile; fileRef = 6180AC091F72D2D6007768F2 /* CategoryViewController.swift */; };
		618A24AE1F5D4B2700570D26 /* ProductVariant.swift in Sources */ = {isa = PBXBuildFile; fileRef = 618A24AD1F5D4B2700570D26 /* ProductVariant.swift */; };
		61934FB01F62C04400A42853 /* ShopifyImageAdapter.swift in Sources */ = {isa = PBXBuildFile; fileRef = 61934FAF1F62C04400A42853 /* ShopifyImageAdapter.swift */; };
		61934FB21F62C49900A42853 /* ShopifyProductVariantAdapter.swift in Sources */ = {isa = PBXBuildFile; fileRef = 61934FB11F62C49900A42853 /* ShopifyProductVariantAdapter.swift */; };
		61934FB41F62C73B00A42853 /* ShopifyPolicyAdapter.swift in Sources */ = {isa = PBXBuildFile; fileRef = 61934FB31F62C73B00A42853 /* ShopifyPolicyAdapter.swift */; };
		61934FB91F62C76000A42853 /* ShopifyProductAdapter.swift in Sources */ = {isa = PBXBuildFile; fileRef = 61934FB61F62C76000A42853 /* ShopifyProductAdapter.swift */; };
		61934FBA1F62C76000A42853 /* ShopifyShopAdapter.swift in Sources */ = {isa = PBXBuildFile; fileRef = 61934FB71F62C76000A42853 /* ShopifyShopAdapter.swift */; };
		61A507271F7E64FF004504EF /* ShopifyOptionAdapter.swift in Sources */ = {isa = PBXBuildFile; fileRef = 61A507261F7E64FF004504EF /* ShopifyOptionAdapter.swift */; };
		61A5072D1F7E79FB004504EF /* ImagesCarouselCollectionDelegate.swift in Sources */ = {isa = PBXBuildFile; fileRef = 61A5072A1F7E79FB004504EF /* ImagesCarouselCollectionDelegate.swift */; };
		61A5072E1F7E79FB004504EF /* ImagesCarouselCollectionDataSource.swift in Sources */ = {isa = PBXBuildFile; fileRef = 61A5072B1F7E79FB004504EF /* ImagesCarouselCollectionDataSource.swift */; };
		61A5072F1F7E79FB004504EF /* ImagesCarouselViewController.swift in Sources */ = {isa = PBXBuildFile; fileRef = 61A5072C1F7E79FB004504EF /* ImagesCarouselViewController.swift */; };
		61A507341F7E7A35004504EF /* ProductOptionsViewController.swift in Sources */ = {isa = PBXBuildFile; fileRef = 61A507331F7E7A35004504EF /* ProductOptionsViewController.swift */; };
		61A507361F7E7A50004504EF /* ProductOptions.storyboard in Resources */ = {isa = PBXBuildFile; fileRef = 61A507351F7E7A50004504EF /* ProductOptions.storyboard */; };
		61AAB9281F7BC11C00CD32D3 /* SortModalViewController.swift in Sources */ = {isa = PBXBuildFile; fileRef = 61AAB9271F7BC11C00CD32D3 /* SortModalViewController.swift */; };
		61AAB92A1F7BC1F700CD32D3 /* SortModal.storyboard in Resources */ = {isa = PBXBuildFile; fileRef = 61AAB9291F7BC1F700CD32D3 /* SortModal.storyboard */; };
		61AAB92C1F7BCF1000CD32D3 /* SortModalDataSource.swift in Sources */ = {isa = PBXBuildFile; fileRef = 61AAB92B1F7BCF1000CD32D3 /* SortModalDataSource.swift */; };
		61AAB9301F7BD07B00CD32D3 /* SortModalTableViewCell.swift in Sources */ = {isa = PBXBuildFile; fileRef = 61AAB92E1F7BD07B00CD32D3 /* SortModalTableViewCell.swift */; };
		61AAB9311F7BD07B00CD32D3 /* SortModalTableViewCell.xib in Resources */ = {isa = PBXBuildFile; fileRef = 61AAB92F1F7BD07B00CD32D3 /* SortModalTableViewCell.xib */; };
		61AB83261F72E6F0009E7343 /* Policy.storyboard in Resources */ = {isa = PBXBuildFile; fileRef = 61AB83251F72E6F0009E7343 /* Policy.storyboard */; };
		61B0A4E51F90BC4A00C58DF5 /* ProductRepository.swift in Sources */ = {isa = PBXBuildFile; fileRef = 61B0A4E41F90BC4A00C58DF5 /* ProductRepository.swift */; };
		61B0A4E71F90BD0000C58DF5 /* ShopifyProductEdgeAdapter.swift in Sources */ = {isa = PBXBuildFile; fileRef = 61B0A4E61F90BD0000C58DF5 /* ShopifyProductEdgeAdapter.swift */; };
		61B0A4EA1F90DB2100C58DF5 /* ProductModelHelper.swift in Sources */ = {isa = PBXBuildFile; fileRef = 61B0A4E91F90DB2100C58DF5 /* ProductModelHelper.swift */; };
		61B279421F8E0B5300133770 /* ShopAPIModelInterface.swift in Sources */ = {isa = PBXBuildFile; fileRef = 61B279411F8E0B5300133770 /* ShopAPIModelInterface.swift */; };
		61B2794F1F8E48C400133770 /* ShopRepository.swift in Sources */ = {isa = PBXBuildFile; fileRef = 61B279441F8E0CD000133770 /* ShopRepository.swift */; };
		61B279501F8E48C900133770 /* PolicyRepository.swift in Sources */ = {isa = PBXBuildFile; fileRef = 61B279461F8E105900133770 /* PolicyRepository.swift */; };
		61B5BEDB1F75055000E075B7 /* ArticleTableViewCell.swift in Sources */ = {isa = PBXBuildFile; fileRef = 61B5BED91F75055000E075B7 /* ArticleTableViewCell.swift */; };
		61B5BEDC1F75055000E075B7 /* ArticleTableViewCell.xib in Resources */ = {isa = PBXBuildFile; fileRef = 61B5BEDA1F75055000E075B7 /* ArticleTableViewCell.xib */; };
		61B5BEE01F7505F700E075B7 /* ArticleLoadMoreCell.swift in Sources */ = {isa = PBXBuildFile; fileRef = 61B5BEDE1F7505F700E075B7 /* ArticleLoadMoreCell.swift */; };
		61B5BEE11F7505F700E075B7 /* ArticleLoadMoreCell.xib in Resources */ = {isa = PBXBuildFile; fileRef = 61B5BEDF1F7505F700E075B7 /* ArticleLoadMoreCell.xib */; };
		61B5BEE51F75223400E075B7 /* MenuImageTableViewCell.swift in Sources */ = {isa = PBXBuildFile; fileRef = 61B5BEE31F75223400E075B7 /* MenuImageTableViewCell.swift */; };
		61B5BEE61F75223400E075B7 /* MenuImageTableViewCell.xib in Resources */ = {isa = PBXBuildFile; fileRef = 61B5BEE41F75223400E075B7 /* MenuImageTableViewCell.xib */; };
		61B94C0D1F82323800B6887C /* ProductOptionsCollectionDelegate.swift in Sources */ = {isa = PBXBuildFile; fileRef = 61B94C0C1F82323800B6887C /* ProductOptionsCollectionDelegate.swift */; };
		61B94C101F82409300B6887C /* ProductOptionHeaderView.swift in Sources */ = {isa = PBXBuildFile; fileRef = 61B94C0E1F82409300B6887C /* ProductOptionHeaderView.swift */; };
		61B94C111F82409300B6887C /* ProductOptionHeaderView.xib in Resources */ = {isa = PBXBuildFile; fileRef = 61B94C0F1F82409300B6887C /* ProductOptionHeaderView.xib */; };
		61CEAA661F5E982A0016FBD7 /* Constants.swift in Sources */ = {isa = PBXBuildFile; fileRef = 61CEAA651F5E982A0016FBD7 /* Constants.swift */; };
		61CEAA6C1F5ECFFE0016FBD7 /* UIStoryboardAdditions.swift in Sources */ = {isa = PBXBuildFile; fileRef = 61CEAA6B1F5ECFFE0016FBD7 /* UIStoryboardAdditions.swift */; };
		61CEAA6E1F5ED16E0016FBD7 /* UIViewControllerRoutes.swift in Sources */ = {isa = PBXBuildFile; fileRef = 61CEAA6D1F5ED16E0016FBD7 /* UIViewControllerRoutes.swift */; };
		61D472891F90DF6000D7B36E /* CategoryModelHelper.swift in Sources */ = {isa = PBXBuildFile; fileRef = 61D472881F90DF6000D7B36E /* CategoryModelHelper.swift */; };
		61D4728B1F90DFE300D7B36E /* ProductOptionModelHelper.swift in Sources */ = {isa = PBXBuildFile; fileRef = 61D4728A1F90DFE300D7B36E /* ProductOptionModelHelper.swift */; };
		61D561731F7418D000233DA3 /* ProductDetails.storyboard in Resources */ = {isa = PBXBuildFile; fileRef = 61D561721F7418D000233DA3 /* ProductDetails.storyboard */; };
		61D561751F7419BD00233DA3 /* ImagesCarousel.storyboard in Resources */ = {isa = PBXBuildFile; fileRef = 61D561741F7419BD00233DA3 /* ImagesCarousel.storyboard */; };
		61D7A2861F7A9FBF00031093 /* UIViewControllerBarButtonItems.swift in Sources */ = {isa = PBXBuildFile; fileRef = 61D7A2851F7A9FBF00031093 /* UIViewControllerBarButtonItems.swift */; };
		61DA4B881F614BBC00444F64 /* SearchViewController.swift in Sources */ = {isa = PBXBuildFile; fileRef = 61DA4B871F614BBC00444F64 /* SearchViewController.swift */; };
		61E4E6341F56C868001C6E01 /* AppDelegate.swift in Sources */ = {isa = PBXBuildFile; fileRef = 61E4E6331F56C868001C6E01 /* AppDelegate.swift */; };
		61E4E6391F56C868001C6E01 /* Home.storyboard in Resources */ = {isa = PBXBuildFile; fileRef = 61E4E6371F56C868001C6E01 /* Home.storyboard */; };
		61E4E63B1F56C868001C6E01 /* Assets.xcassets in Resources */ = {isa = PBXBuildFile; fileRef = 61E4E63A1F56C868001C6E01 /* Assets.xcassets */; };
		61E4E63E1F56C868001C6E01 /* LaunchScreen.storyboard in Resources */ = {isa = PBXBuildFile; fileRef = 61E4E63C1F56C868001C6E01 /* LaunchScreen.storyboard */; };
		61ED88EA1F7112FD006BDA79 /* UIViewControllerImageViewer.swift in Sources */ = {isa = PBXBuildFile; fileRef = 61ED88E91F7112FD006BDA79 /* UIViewControllerImageViewer.swift */; };
		61ED88EC1F7169F1006BDA79 /* Search.storyboard in Resources */ = {isa = PBXBuildFile; fileRef = 61ED88EB1F7169F1006BDA79 /* Search.storyboard */; };
		61ED88F31F7170C9006BDA79 /* GridCollectionViewCell.swift in Sources */ = {isa = PBXBuildFile; fileRef = 61ED88F11F7170C9006BDA79 /* GridCollectionViewCell.swift */; };
		61ED88F41F7170C9006BDA79 /* GridCollectionViewCell.xib in Resources */ = {isa = PBXBuildFile; fileRef = 61ED88F21F7170C9006BDA79 /* GridCollectionViewCell.xib */; };
		61ED88F71F7171F1006BDA79 /* GridCollectionViewController.swift in Sources */ = {isa = PBXBuildFile; fileRef = 61ED88F61F7171F1006BDA79 /* GridCollectionViewController.swift */; };
		61ED88F91F71720B006BDA79 /* GridCollectionDataSource.swift in Sources */ = {isa = PBXBuildFile; fileRef = 61ED88F81F71720B006BDA79 /* GridCollectionDataSource.swift */; };
		61ED88FB1F71721D006BDA79 /* GridCollectionDelegate.swift in Sources */ = {isa = PBXBuildFile; fileRef = 61ED88FA1F71721D006BDA79 /* GridCollectionDelegate.swift */; };
		61FC3DA91F7EB43700DB0AD7 /* ProductOptionCollectionViewCell.swift in Sources */ = {isa = PBXBuildFile; fileRef = 61FC3DA71F7EB43700DB0AD7 /* ProductOptionCollectionViewCell.swift */; };
		61FC3DAA1F7EB43700DB0AD7 /* ProductOptionCollectionViewCell.xib in Resources */ = {isa = PBXBuildFile; fileRef = 61FC3DA81F7EB43700DB0AD7 /* ProductOptionCollectionViewCell.xib */; };
		61FC3DAC1F7EB4E600DB0AD7 /* ProductOptionsCollectionDataSource.swift in Sources */ = {isa = PBXBuildFile; fileRef = 61FC3DAB1F7EB4E600DB0AD7 /* ProductOptionsCollectionDataSource.swift */; };
		61FDBE451F6FD4C400E7C729 /* UIViewControllerSideMenu.swift in Sources */ = {isa = PBXBuildFile; fileRef = 61FDBE441F6FD4C400E7C729 /* UIViewControllerSideMenu.swift */; };
		61FDBE471F6FD5BE00E7C729 /* Menu.storyboard in Resources */ = {isa = PBXBuildFile; fileRef = 61FDBE461F6FD5BE00E7C729 /* Menu.storyboard */; };
		61FDBE4A1F6FD71E00E7C729 /* MenuViewController.swift in Sources */ = {isa = PBXBuildFile; fileRef = 61FDBE491F6FD71E00E7C729 /* MenuViewController.swift */; };
		61FDBE4E1F6FE4EB00E7C729 /* MenuCategoryTableViewCell.swift in Sources */ = {isa = PBXBuildFile; fileRef = 61FDBE4C1F6FE4EB00E7C729 /* MenuCategoryTableViewCell.swift */; };
		61FDBE4F1F6FE4EB00E7C729 /* MenuCategoryTableViewCell.xib in Resources */ = {isa = PBXBuildFile; fileRef = 61FDBE4D1F6FE4EB00E7C729 /* MenuCategoryTableViewCell.xib */; };
		61FDBE511F6FE62E00E7C729 /* MenuTableDataSource.swift in Sources */ = {isa = PBXBuildFile; fileRef = 61FDBE501F6FE62E00E7C729 /* MenuTableDataSource.swift */; };
		E48C459A560E7DC50BF69226 /* Pods_ShopClient.framework in Frameworks */ = {isa = PBXBuildFile; fileRef = C9DA8ECD13CBDF3EE2618FE4 /* Pods_ShopClient.framework */; };
/* End PBXBuildFile section */

/* Begin PBXFileReference section */
		10BBCCE808D12F6C873F9215 /* Pods-ShopClient.release.xcconfig */ = {isa = PBXFileReference; includeInIndex = 1; lastKnownFileType = text.xcconfig; name = "Pods-ShopClient.release.xcconfig"; path = "Pods/Target Support Files/Pods-ShopClient/Pods-ShopClient.release.xcconfig"; sourceTree = "<group>"; };
		38B8C07405420E82AD6AAA3E /* Pods-ShopClient.debug.xcconfig */ = {isa = PBXFileReference; includeInIndex = 1; lastKnownFileType = text.xcconfig; name = "Pods-ShopClient.debug.xcconfig"; path = "Pods/Target Support Files/Pods-ShopClient/Pods-ShopClient.debug.xcconfig"; sourceTree = "<group>"; };
		6106C6C41F796E1900E87486 /* SearchViewControllerDelegate.swift */ = {isa = PBXFileReference; lastKnownFileType = sourcecode.swift; path = SearchViewControllerDelegate.swift; sourceTree = "<group>"; };
		6106C6C71F7A40A600E87486 /* ArticleDetails.storyboard */ = {isa = PBXFileReference; lastKnownFileType = file.storyboard; path = ArticleDetails.storyboard; sourceTree = "<group>"; };
		6106C6CA1F7A40F400E87486 /* ArticleDetailsViewController.swift */ = {isa = PBXFileReference; lastKnownFileType = sourcecode.swift; path = ArticleDetailsViewController.swift; sourceTree = "<group>"; };
		6107F0D81F8F8C7000547DA9 /* ImageRepository.swift */ = {isa = PBXFileReference; lastKnownFileType = sourcecode.swift; path = ImageRepository.swift; sourceTree = "<group>"; };
		6107F0DB1F8FA70C00547DA9 /* ShopifyCategoryAdapter.swift */ = {isa = PBXFileReference; lastKnownFileType = sourcecode.swift; path = ShopifyCategoryAdapter.swift; sourceTree = "<group>"; };
		610873A51F7D027200BF81CA /* ProductDetailsViewController.swift */ = {isa = PBXFileReference; fileEncoding = 4; lastKnownFileType = sourcecode.swift; path = ProductDetailsViewController.swift; sourceTree = "<group>"; };
		610A4F881F8E7F5500A56919 /* CategoryRepository.swift */ = {isa = PBXFileReference; lastKnownFileType = sourcecode.swift; path = CategoryRepository.swift; sourceTree = "<group>"; };
		61127A321F879C5C00565AB1 /* Splash.storyboard */ = {isa = PBXFileReference; lastKnownFileType = file.storyboard; path = Splash.storyboard; sourceTree = "<group>"; };
		611B70E91F7C19E20056BAF9 /* SortModalDelegate.swift */ = {isa = PBXFileReference; lastKnownFileType = sourcecode.swift; path = SortModalDelegate.swift; sourceTree = "<group>"; };
		611EF33D1F56CBB1001B8B9C /* ShopCoreAPI.swift */ = {isa = PBXFileReference; fileEncoding = 4; lastKnownFileType = sourcecode.swift; path = ShopCoreAPI.swift; sourceTree = "<group>"; };
		611EF3401F56CBE6001B8B9C /* ShopAPIProtocol.swift */ = {isa = PBXFileReference; fileEncoding = 4; lastKnownFileType = sourcecode.swift; path = ShopAPIProtocol.swift; sourceTree = "<group>"; };
		611EF3431F56DA2A001B8B9C /* ShopifyAPI.swift */ = {isa = PBXFileReference; fileEncoding = 4; lastKnownFileType = sourcecode.swift; path = ShopifyAPI.swift; sourceTree = "<group>"; };
		6124BCE21F73C2880099E879 /* PolicyViewController.swift */ = {isa = PBXFileReference; fileEncoding = 4; lastKnownFileType = sourcecode.swift; path = PolicyViewController.swift; sourceTree = "<group>"; };
		612C0DEA1F62F8C5003F37BD /* ShopifyCategoryEdgeAdapter.swift */ = {isa = PBXFileReference; fileEncoding = 4; lastKnownFileType = sourcecode.swift; path = ShopifyCategoryEdgeAdapter.swift; sourceTree = "<group>"; };
		612DE2561F6C3ADA00582B58 /* Author.swift */ = {isa = PBXFileReference; fileEncoding = 4; lastKnownFileType = sourcecode.swift; path = Author.swift; sourceTree = "<group>"; };
		612DE2581F6C3C1E00582B58 /* ShopifyArticleAdapter.swift */ = {isa = PBXFileReference; fileEncoding = 4; lastKnownFileType = sourcecode.swift; path = ShopifyArticleAdapter.swift; sourceTree = "<group>"; };
		612DE25A1F6C3F3C00582B58 /* ShopifyAuthorAdapter.swift */ = {isa = PBXFileReference; fileEncoding = 4; lastKnownFileType = sourcecode.swift; path = ShopifyAuthorAdapter.swift; sourceTree = "<group>"; };
		6133392B1F6957AF0063A754 /* DetailsImagesCollectionViewCell.swift */ = {isa = PBXFileReference; fileEncoding = 4; lastKnownFileType = sourcecode.swift; path = DetailsImagesCollectionViewCell.swift; sourceTree = "<group>"; };
		6133392C1F6957AF0063A754 /* DetailsImagesCollectionViewCell.xib */ = {isa = PBXFileReference; fileEncoding = 4; lastKnownFileType = file.xib; path = DetailsImagesCollectionViewCell.xib; sourceTree = "<group>"; };
		613339321F695A820063A754 /* UIViewControllerChilds.swift */ = {isa = PBXFileReference; fileEncoding = 4; lastKnownFileType = sourcecode.swift; path = UIViewControllerChilds.swift; sourceTree = "<group>"; };
		614142C01F6AEF0400379BB9 /* HomeViewController.swift */ = {isa = PBXFileReference; fileEncoding = 4; lastKnownFileType = sourcecode.swift; path = HomeViewController.swift; sourceTree = "<group>"; };
		614142C31F6AF15B00379BB9 /* LastArrivalsTableViewCell.swift */ = {isa = PBXFileReference; fileEncoding = 4; lastKnownFileType = sourcecode.swift; path = LastArrivalsTableViewCell.swift; sourceTree = "<group>"; };
		614142C41F6AF15B00379BB9 /* LastArrivalsTableViewCell.xib */ = {isa = PBXFileReference; fileEncoding = 4; lastKnownFileType = file.xib; path = LastArrivalsTableViewCell.xib; sourceTree = "<group>"; };
		614142C71F6AF24E00379BB9 /* HomeTableDataSource.swift */ = {isa = PBXFileReference; fileEncoding = 4; lastKnownFileType = sourcecode.swift; path = HomeTableDataSource.swift; sourceTree = "<group>"; };
		614142C91F6AF26300379BB9 /* HomeTableDelegate.swift */ = {isa = PBXFileReference; fileEncoding = 4; lastKnownFileType = sourcecode.swift; path = HomeTableDelegate.swift; sourceTree = "<group>"; };
		614142D11F6BD2A400379BB9 /* LastArrivalsCollectionViewCell.swift */ = {isa = PBXFileReference; fileEncoding = 4; lastKnownFileType = sourcecode.swift; path = LastArrivalsCollectionViewCell.swift; sourceTree = "<group>"; };
		614142D21F6BD2A400379BB9 /* LastArrivalsCollectionViewCell.xib */ = {isa = PBXFileReference; fileEncoding = 4; lastKnownFileType = file.xib; path = LastArrivalsCollectionViewCell.xib; sourceTree = "<group>"; };
		614142D51F6BD70400379BB9 /* LastArrivalsTableDataSource.swift */ = {isa = PBXFileReference; fileEncoding = 4; lastKnownFileType = sourcecode.swift; path = LastArrivalsTableDataSource.swift; sourceTree = "<group>"; };
		614142D71F6BD8B200379BB9 /* LastArrivalsTableDelegate.swift */ = {isa = PBXFileReference; fileEncoding = 4; lastKnownFileType = sourcecode.swift; path = LastArrivalsTableDelegate.swift; sourceTree = "<group>"; };
		614142D91F6C266000379BB9 /* Article.swift */ = {isa = PBXFileReference; fileEncoding = 4; lastKnownFileType = sourcecode.swift; path = Article.swift; sourceTree = "<group>"; };
		6141AAA81F8BDD8500F9019B /* UIViewControllerAlert.swift */ = {isa = PBXFileReference; lastKnownFileType = sourcecode.swift; path = UIViewControllerAlert.swift; sourceTree = "<group>"; };
		6141AAAB1F8BE7ED00F9019B /* SplashViewController.swift */ = {isa = PBXFileReference; fileEncoding = 4; lastKnownFileType = sourcecode.swift; path = SplashViewController.swift; sourceTree = "<group>"; };
		6141AAAC1F8BE7ED00F9019B /* SplashWorker.swift */ = {isa = PBXFileReference; fileEncoding = 4; lastKnownFileType = sourcecode.swift; path = SplashWorker.swift; sourceTree = "<group>"; };
		6141AAAD1F8BE7ED00F9019B /* SplashRouter.swift */ = {isa = PBXFileReference; fileEncoding = 4; lastKnownFileType = sourcecode.swift; path = SplashRouter.swift; sourceTree = "<group>"; };
		6141AAAE1F8BE7ED00F9019B /* SplashInteractor.swift */ = {isa = PBXFileReference; fileEncoding = 4; lastKnownFileType = sourcecode.swift; path = SplashInteractor.swift; sourceTree = "<group>"; };
		6141AAAF1F8BE7ED00F9019B /* SplashModels.swift */ = {isa = PBXFileReference; fileEncoding = 4; lastKnownFileType = sourcecode.swift; path = SplashModels.swift; sourceTree = "<group>"; };
		6141AAB01F8BE7ED00F9019B /* SplashPresenter.swift */ = {isa = PBXFileReference; fileEncoding = 4; lastKnownFileType = sourcecode.swift; path = SplashPresenter.swift; sourceTree = "<group>"; };
		6141AAB81F8BE92700F9019B /* ShopClient.xcdatamodel */ = {isa = PBXFileReference; lastKnownFileType = wrapper.xcdatamodel; path = ShopClient.xcdatamodel; sourceTree = "<group>"; };
		6152B1201F79149900045A42 /* ArticlesList.storyboard */ = {isa = PBXFileReference; lastKnownFileType = file.storyboard; path = ArticlesList.storyboard; sourceTree = "<group>"; };
		6152B1231F7914E800045A42 /* ArticlesListViewController.swift */ = {isa = PBXFileReference; lastKnownFileType = sourcecode.swift; path = ArticlesListViewController.swift; sourceTree = "<group>"; };
		6152B1251F79181100045A42 /* ArticlesListTableDataSource.swift */ = {isa = PBXFileReference; lastKnownFileType = sourcecode.swift; path = ArticlesListTableDataSource.swift; sourceTree = "<group>"; };
		6152B1271F791A1100045A42 /* ArticlesListTableDelegate.swift */ = {isa = PBXFileReference; lastKnownFileType = sourcecode.swift; path = ArticlesListTableDelegate.swift; sourceTree = "<group>"; };
		61534F251F73E24F00F24189 /* LastArrivalsLoadMoreCell.swift */ = {isa = PBXFileReference; lastKnownFileType = sourcecode.swift; path = LastArrivalsLoadMoreCell.swift; sourceTree = "<group>"; };
		61534F261F73E24F00F24189 /* LastArrivalsLoadMoreCell.xib */ = {isa = PBXFileReference; lastKnownFileType = file.xib; path = LastArrivalsLoadMoreCell.xib; sourceTree = "<group>"; };
		61534F291F73EC2F00F24189 /* LastArrivals.storyboard */ = {isa = PBXFileReference; lastKnownFileType = file.storyboard; path = LastArrivals.storyboard; sourceTree = "<group>"; };
		61534F2F1F73EE5E00F24189 /* LastArrivalsViewController.swift */ = {isa = PBXFileReference; fileEncoding = 4; lastKnownFileType = sourcecode.swift; path = LastArrivalsViewController.swift; sourceTree = "<group>"; };
		617B07EA1F90DDDB00F3463C /* ProductOptionRepository.swift */ = {isa = PBXFileReference; lastKnownFileType = sourcecode.swift; path = ProductOptionRepository.swift; sourceTree = "<group>"; };
		6180ABFD1F729CF7007768F2 /* MenuDefaultTableViewCell.swift */ = {isa = PBXFileReference; lastKnownFileType = sourcecode.swift; path = MenuDefaultTableViewCell.swift; sourceTree = "<group>"; };
		6180ABFE1F729CF7007768F2 /* MenuDefaultTableViewCell.xib */ = {isa = PBXFileReference; lastKnownFileType = file.xib; path = MenuDefaultTableViewCell.xib; sourceTree = "<group>"; };
		6180AC021F72CD14007768F2 /* Localizable.strings */ = {isa = PBXFileReference; lastKnownFileType = text.plist.strings; path = Localizable.strings; sourceTree = "<group>"; };
		6180AC041F72CF19007768F2 /* MenuTableDelegate.swift */ = {isa = PBXFileReference; lastKnownFileType = sourcecode.swift; path = MenuTableDelegate.swift; sourceTree = "<group>"; };
		6180AC061F72D266007768F2 /* Category.storyboard */ = {isa = PBXFileReference; lastKnownFileType = file.storyboard; path = Category.storyboard; sourceTree = "<group>"; };
		6180AC091F72D2D6007768F2 /* CategoryViewController.swift */ = {isa = PBXFileReference; lastKnownFileType = sourcecode.swift; path = CategoryViewController.swift; sourceTree = "<group>"; };
		618A24AD1F5D4B2700570D26 /* ProductVariant.swift */ = {isa = PBXFileReference; fileEncoding = 4; lastKnownFileType = sourcecode.swift; path = ProductVariant.swift; sourceTree = "<group>"; };
		61934FAF1F62C04400A42853 /* ShopifyImageAdapter.swift */ = {isa = PBXFileReference; fileEncoding = 4; lastKnownFileType = sourcecode.swift; path = ShopifyImageAdapter.swift; sourceTree = "<group>"; };
		61934FB11F62C49900A42853 /* ShopifyProductVariantAdapter.swift */ = {isa = PBXFileReference; fileEncoding = 4; lastKnownFileType = sourcecode.swift; path = ShopifyProductVariantAdapter.swift; sourceTree = "<group>"; };
		61934FB31F62C73B00A42853 /* ShopifyPolicyAdapter.swift */ = {isa = PBXFileReference; fileEncoding = 4; lastKnownFileType = sourcecode.swift; path = ShopifyPolicyAdapter.swift; sourceTree = "<group>"; };
		61934FB61F62C76000A42853 /* ShopifyProductAdapter.swift */ = {isa = PBXFileReference; fileEncoding = 4; lastKnownFileType = sourcecode.swift; path = ShopifyProductAdapter.swift; sourceTree = "<group>"; };
		61934FB71F62C76000A42853 /* ShopifyShopAdapter.swift */ = {isa = PBXFileReference; fileEncoding = 4; lastKnownFileType = sourcecode.swift; path = ShopifyShopAdapter.swift; sourceTree = "<group>"; };
		61A507261F7E64FF004504EF /* ShopifyOptionAdapter.swift */ = {isa = PBXFileReference; lastKnownFileType = sourcecode.swift; path = ShopifyOptionAdapter.swift; sourceTree = "<group>"; };
		61A5072A1F7E79FB004504EF /* ImagesCarouselCollectionDelegate.swift */ = {isa = PBXFileReference; fileEncoding = 4; lastKnownFileType = sourcecode.swift; path = ImagesCarouselCollectionDelegate.swift; sourceTree = "<group>"; };
		61A5072B1F7E79FB004504EF /* ImagesCarouselCollectionDataSource.swift */ = {isa = PBXFileReference; fileEncoding = 4; lastKnownFileType = sourcecode.swift; path = ImagesCarouselCollectionDataSource.swift; sourceTree = "<group>"; };
		61A5072C1F7E79FB004504EF /* ImagesCarouselViewController.swift */ = {isa = PBXFileReference; fileEncoding = 4; lastKnownFileType = sourcecode.swift; path = ImagesCarouselViewController.swift; sourceTree = "<group>"; };
		61A507331F7E7A35004504EF /* ProductOptionsViewController.swift */ = {isa = PBXFileReference; fileEncoding = 4; lastKnownFileType = sourcecode.swift; path = ProductOptionsViewController.swift; sourceTree = "<group>"; };
		61A507351F7E7A50004504EF /* ProductOptions.storyboard */ = {isa = PBXFileReference; lastKnownFileType = file.storyboard; path = ProductOptions.storyboard; sourceTree = "<group>"; };
		61AAB9271F7BC11C00CD32D3 /* SortModalViewController.swift */ = {isa = PBXFileReference; lastKnownFileType = sourcecode.swift; path = SortModalViewController.swift; sourceTree = "<group>"; };
		61AAB9291F7BC1F700CD32D3 /* SortModal.storyboard */ = {isa = PBXFileReference; lastKnownFileType = file.storyboard; path = SortModal.storyboard; sourceTree = "<group>"; };
		61AAB92B1F7BCF1000CD32D3 /* SortModalDataSource.swift */ = {isa = PBXFileReference; lastKnownFileType = sourcecode.swift; path = SortModalDataSource.swift; sourceTree = "<group>"; };
		61AAB92E1F7BD07B00CD32D3 /* SortModalTableViewCell.swift */ = {isa = PBXFileReference; lastKnownFileType = sourcecode.swift; path = SortModalTableViewCell.swift; sourceTree = "<group>"; };
		61AAB92F1F7BD07B00CD32D3 /* SortModalTableViewCell.xib */ = {isa = PBXFileReference; lastKnownFileType = file.xib; path = SortModalTableViewCell.xib; sourceTree = "<group>"; };
		61AB83251F72E6F0009E7343 /* Policy.storyboard */ = {isa = PBXFileReference; lastKnownFileType = file.storyboard; path = Policy.storyboard; sourceTree = "<group>"; };
		61B0A4E41F90BC4A00C58DF5 /* ProductRepository.swift */ = {isa = PBXFileReference; lastKnownFileType = sourcecode.swift; path = ProductRepository.swift; sourceTree = "<group>"; };
		61B0A4E61F90BD0000C58DF5 /* ShopifyProductEdgeAdapter.swift */ = {isa = PBXFileReference; lastKnownFileType = sourcecode.swift; path = ShopifyProductEdgeAdapter.swift; sourceTree = "<group>"; };
		61B0A4E91F90DB2100C58DF5 /* ProductModelHelper.swift */ = {isa = PBXFileReference; lastKnownFileType = sourcecode.swift; path = ProductModelHelper.swift; sourceTree = "<group>"; };
		61B279411F8E0B5300133770 /* ShopAPIModelInterface.swift */ = {isa = PBXFileReference; lastKnownFileType = sourcecode.swift; path = ShopAPIModelInterface.swift; sourceTree = "<group>"; };
		61B279441F8E0CD000133770 /* ShopRepository.swift */ = {isa = PBXFileReference; lastKnownFileType = sourcecode.swift; path = ShopRepository.swift; sourceTree = "<group>"; };
		61B279461F8E105900133770 /* PolicyRepository.swift */ = {isa = PBXFileReference; lastKnownFileType = sourcecode.swift; path = PolicyRepository.swift; sourceTree = "<group>"; };
		61B279481F8E403E00133770 /* ShopRepositoryCoreStore.swift */ = {isa = PBXFileReference; lastKnownFileType = sourcecode.swift; path = ShopRepositoryCoreStore.swift; sourceTree = "<group>"; };
		61B2794A1F8E44B600133770 /* PolicyRepositoryCoreStore.swift */ = {isa = PBXFileReference; lastKnownFileType = sourcecode.swift; path = PolicyRepositoryCoreStore.swift; sourceTree = "<group>"; };
		61B5BED91F75055000E075B7 /* ArticleTableViewCell.swift */ = {isa = PBXFileReference; fileEncoding = 4; lastKnownFileType = sourcecode.swift; path = ArticleTableViewCell.swift; sourceTree = "<group>"; };
		61B5BEDA1F75055000E075B7 /* ArticleTableViewCell.xib */ = {isa = PBXFileReference; fileEncoding = 4; lastKnownFileType = file.xib; path = ArticleTableViewCell.xib; sourceTree = "<group>"; };
		61B5BEDE1F7505F700E075B7 /* ArticleLoadMoreCell.swift */ = {isa = PBXFileReference; lastKnownFileType = sourcecode.swift; path = ArticleLoadMoreCell.swift; sourceTree = "<group>"; };
		61B5BEDF1F7505F700E075B7 /* ArticleLoadMoreCell.xib */ = {isa = PBXFileReference; lastKnownFileType = file.xib; path = ArticleLoadMoreCell.xib; sourceTree = "<group>"; };
		61B5BEE31F75223400E075B7 /* MenuImageTableViewCell.swift */ = {isa = PBXFileReference; lastKnownFileType = sourcecode.swift; path = MenuImageTableViewCell.swift; sourceTree = "<group>"; };
		61B5BEE41F75223400E075B7 /* MenuImageTableViewCell.xib */ = {isa = PBXFileReference; lastKnownFileType = file.xib; path = MenuImageTableViewCell.xib; sourceTree = "<group>"; };
		61B94C0C1F82323800B6887C /* ProductOptionsCollectionDelegate.swift */ = {isa = PBXFileReference; lastKnownFileType = sourcecode.swift; path = ProductOptionsCollectionDelegate.swift; sourceTree = "<group>"; };
		61B94C0E1F82409300B6887C /* ProductOptionHeaderView.swift */ = {isa = PBXFileReference; lastKnownFileType = sourcecode.swift; path = ProductOptionHeaderView.swift; sourceTree = "<group>"; };
		61B94C0F1F82409300B6887C /* ProductOptionHeaderView.xib */ = {isa = PBXFileReference; lastKnownFileType = file.xib; path = ProductOptionHeaderView.xib; sourceTree = "<group>"; };
		61CEAA651F5E982A0016FBD7 /* Constants.swift */ = {isa = PBXFileReference; fileEncoding = 4; lastKnownFileType = sourcecode.swift; path = Constants.swift; sourceTree = "<group>"; };
		61CEAA6B1F5ECFFE0016FBD7 /* UIStoryboardAdditions.swift */ = {isa = PBXFileReference; fileEncoding = 4; lastKnownFileType = sourcecode.swift; path = UIStoryboardAdditions.swift; sourceTree = "<group>"; };
		61CEAA6D1F5ED16E0016FBD7 /* UIViewControllerRoutes.swift */ = {isa = PBXFileReference; fileEncoding = 4; lastKnownFileType = sourcecode.swift; path = UIViewControllerRoutes.swift; sourceTree = "<group>"; };
		61D472881F90DF6000D7B36E /* CategoryModelHelper.swift */ = {isa = PBXFileReference; lastKnownFileType = sourcecode.swift; path = CategoryModelHelper.swift; sourceTree = "<group>"; };
		61D4728A1F90DFE300D7B36E /* ProductOptionModelHelper.swift */ = {isa = PBXFileReference; lastKnownFileType = sourcecode.swift; path = ProductOptionModelHelper.swift; sourceTree = "<group>"; };
		61D561721F7418D000233DA3 /* ProductDetails.storyboard */ = {isa = PBXFileReference; lastKnownFileType = file.storyboard; path = ProductDetails.storyboard; sourceTree = "<group>"; };
		61D561741F7419BD00233DA3 /* ImagesCarousel.storyboard */ = {isa = PBXFileReference; lastKnownFileType = file.storyboard; path = ImagesCarousel.storyboard; sourceTree = "<group>"; };
		61D7A2851F7A9FBF00031093 /* UIViewControllerBarButtonItems.swift */ = {isa = PBXFileReference; lastKnownFileType = sourcecode.swift; path = UIViewControllerBarButtonItems.swift; sourceTree = "<group>"; };
		61DA4B871F614BBC00444F64 /* SearchViewController.swift */ = {isa = PBXFileReference; fileEncoding = 4; lastKnownFileType = sourcecode.swift; path = SearchViewController.swift; sourceTree = "<group>"; };
		61E4E6301F56C868001C6E01 /* ShopClient.app */ = {isa = PBXFileReference; explicitFileType = wrapper.application; includeInIndex = 0; path = ShopClient.app; sourceTree = BUILT_PRODUCTS_DIR; };
		61E4E6331F56C868001C6E01 /* AppDelegate.swift */ = {isa = PBXFileReference; lastKnownFileType = sourcecode.swift; path = AppDelegate.swift; sourceTree = "<group>"; };
		61E4E6381F56C868001C6E01 /* Base */ = {isa = PBXFileReference; lastKnownFileType = file.storyboard; name = Base; path = Base.lproj/Home.storyboard; sourceTree = "<group>"; };
		61E4E63A1F56C868001C6E01 /* Assets.xcassets */ = {isa = PBXFileReference; lastKnownFileType = folder.assetcatalog; path = Assets.xcassets; sourceTree = "<group>"; };
		61E4E63D1F56C868001C6E01 /* Base */ = {isa = PBXFileReference; lastKnownFileType = file.storyboard; name = Base; path = Base.lproj/LaunchScreen.storyboard; sourceTree = "<group>"; };
		61E4E63F1F56C868001C6E01 /* Info.plist */ = {isa = PBXFileReference; lastKnownFileType = text.plist.xml; path = Info.plist; sourceTree = "<group>"; };
		61ED88E91F7112FD006BDA79 /* UIViewControllerImageViewer.swift */ = {isa = PBXFileReference; fileEncoding = 4; lastKnownFileType = sourcecode.swift; path = UIViewControllerImageViewer.swift; sourceTree = "<group>"; };
		61ED88EB1F7169F1006BDA79 /* Search.storyboard */ = {isa = PBXFileReference; fileEncoding = 4; lastKnownFileType = file.storyboard; path = Search.storyboard; sourceTree = "<group>"; };
		61ED88F11F7170C9006BDA79 /* GridCollectionViewCell.swift */ = {isa = PBXFileReference; fileEncoding = 4; lastKnownFileType = sourcecode.swift; path = GridCollectionViewCell.swift; sourceTree = "<group>"; };
		61ED88F21F7170C9006BDA79 /* GridCollectionViewCell.xib */ = {isa = PBXFileReference; fileEncoding = 4; lastKnownFileType = file.xib; path = GridCollectionViewCell.xib; sourceTree = "<group>"; };
		61ED88F61F7171F1006BDA79 /* GridCollectionViewController.swift */ = {isa = PBXFileReference; fileEncoding = 4; lastKnownFileType = sourcecode.swift; path = GridCollectionViewController.swift; sourceTree = "<group>"; };
		61ED88F81F71720B006BDA79 /* GridCollectionDataSource.swift */ = {isa = PBXFileReference; fileEncoding = 4; lastKnownFileType = sourcecode.swift; path = GridCollectionDataSource.swift; sourceTree = "<group>"; };
		61ED88FA1F71721D006BDA79 /* GridCollectionDelegate.swift */ = {isa = PBXFileReference; fileEncoding = 4; lastKnownFileType = sourcecode.swift; path = GridCollectionDelegate.swift; sourceTree = "<group>"; };
		61FC3DA71F7EB43700DB0AD7 /* ProductOptionCollectionViewCell.swift */ = {isa = PBXFileReference; lastKnownFileType = sourcecode.swift; path = ProductOptionCollectionViewCell.swift; sourceTree = "<group>"; };
		61FC3DA81F7EB43700DB0AD7 /* ProductOptionCollectionViewCell.xib */ = {isa = PBXFileReference; lastKnownFileType = file.xib; path = ProductOptionCollectionViewCell.xib; sourceTree = "<group>"; };
		61FC3DAB1F7EB4E600DB0AD7 /* ProductOptionsCollectionDataSource.swift */ = {isa = PBXFileReference; lastKnownFileType = sourcecode.swift; path = ProductOptionsCollectionDataSource.swift; sourceTree = "<group>"; };
		61FDBE441F6FD4C400E7C729 /* UIViewControllerSideMenu.swift */ = {isa = PBXFileReference; fileEncoding = 4; lastKnownFileType = sourcecode.swift; path = UIViewControllerSideMenu.swift; sourceTree = "<group>"; };
		61FDBE461F6FD5BE00E7C729 /* Menu.storyboard */ = {isa = PBXFileReference; fileEncoding = 4; lastKnownFileType = file.storyboard; path = Menu.storyboard; sourceTree = "<group>"; };
		61FDBE491F6FD71E00E7C729 /* MenuViewController.swift */ = {isa = PBXFileReference; fileEncoding = 4; lastKnownFileType = sourcecode.swift; path = MenuViewController.swift; sourceTree = "<group>"; };
		61FDBE4C1F6FE4EB00E7C729 /* MenuCategoryTableViewCell.swift */ = {isa = PBXFileReference; fileEncoding = 4; lastKnownFileType = sourcecode.swift; path = MenuCategoryTableViewCell.swift; sourceTree = "<group>"; };
		61FDBE4D1F6FE4EB00E7C729 /* MenuCategoryTableViewCell.xib */ = {isa = PBXFileReference; fileEncoding = 4; lastKnownFileType = file.xib; path = MenuCategoryTableViewCell.xib; sourceTree = "<group>"; };
		61FDBE501F6FE62E00E7C729 /* MenuTableDataSource.swift */ = {isa = PBXFileReference; fileEncoding = 4; lastKnownFileType = sourcecode.swift; path = MenuTableDataSource.swift; sourceTree = "<group>"; };
		C9DA8ECD13CBDF3EE2618FE4 /* Pods_ShopClient.framework */ = {isa = PBXFileReference; explicitFileType = wrapper.framework; includeInIndex = 0; path = Pods_ShopClient.framework; sourceTree = BUILT_PRODUCTS_DIR; };
/* End PBXFileReference section */

/* Begin PBXFrameworksBuildPhase section */
		61E4E62D1F56C868001C6E01 /* Frameworks */ = {
			isa = PBXFrameworksBuildPhase;
			buildActionMask = 2147483647;
			files = (
				E48C459A560E7DC50BF69226 /* Pods_ShopClient.framework in Frameworks */,
			);
			runOnlyForDeploymentPostprocessing = 0;
		};
/* End PBXFrameworksBuildPhase section */

/* Begin PBXGroup section */
		6106C6C91F7A40DF00E87486 /* ArticleDetails */ = {
			isa = PBXGroup;
			children = (
				6106C6CA1F7A40F400E87486 /* ArticleDetailsViewController.swift */,
			);
			path = ArticleDetails;
			sourceTree = "<group>";
		};
		610873A41F7D027200BF81CA /* ProductDetails */ = {
			isa = PBXGroup;
			children = (
				610873A51F7D027200BF81CA /* ProductDetailsViewController.swift */,
				610873A61F7D027200BF81CA /* Modules */,
			);
			path = ProductDetails;
			sourceTree = "<group>";
		};
		610873A61F7D027200BF81CA /* Modules */ = {
			isa = PBXGroup;
			children = (
				61A507291F7E79FB004504EF /* ImagesCarousel */,
				61A507321F7E7A35004504EF /* ProductOptions */,
			);
			path = Modules;
			sourceTree = "<group>";
		};
		61127A251F879B3200565AB1 /* Scenes */ = {
			isa = PBXGroup;
			children = (
				6141AAAA1F8BE7C800F9019B /* Splash */,
			);
			path = Scenes;
			sourceTree = "<group>";
		};
		611EF33C1F56CB81001B8B9C /* ShopCoreAPI */ = {
			isa = PBXGroup;
			children = (
				611EF33D1F56CBB1001B8B9C /* ShopCoreAPI.swift */,
			);
			path = ShopCoreAPI;
			sourceTree = "<group>";
		};
		611EF33F1F56CBC7001B8B9C /* APIs */ = {
			isa = PBXGroup;
			children = (
				611EF3401F56CBE6001B8B9C /* ShopAPIProtocol.swift */,
				61B279411F8E0B5300133770 /* ShopAPIModelInterface.swift */,
				61B279431F8E0CA600133770 /* Repositories */,
				611EF3421F56DA02001B8B9C /* Shopify */,
			);
			path = APIs;
			sourceTree = "<group>";
		};
		611EF3421F56DA02001B8B9C /* Shopify */ = {
			isa = PBXGroup;
			children = (
				611EF3431F56DA2A001B8B9C /* ShopifyAPI.swift */,
				61934FAE1F62C01D00A42853 /* Adapters */,
			);
			path = Shopify;
			sourceTree = "<group>";
		};
		611EF3501F5829AB001B8B9C /* Models */ = {
			isa = PBXGroup;
			children = (
				61B0A4E81F90DB0D00C58DF5 /* Extensions */,
				614142D91F6C266000379BB9 /* Article.swift */,
				612DE2561F6C3ADA00582B58 /* Author.swift */,
				618A24AD1F5D4B2700570D26 /* ProductVariant.swift */,
				6141AAB71F8BE92700F9019B /* ShopClient.xcdatamodeld */,
			);
			path = Models;
			sourceTree = "<group>";
		};
		611EF3591F5956A3001B8B9C /* Controllers */ = {
			isa = PBXGroup;
			children = (
				6106C6C91F7A40DF00E87486 /* ArticleDetails */,
				6152B1221F7914DB00045A42 /* ArticlesList */,
				61ED88ED1F716F57006BDA79 /* Base */,
				6180AC081F72D2B9007768F2 /* Category */,
				614142BF1F6AEEEA00379BB9 /* Home */,
				61534F2E1F73EE5E00F24189 /* LastArrivals */,
				61FDBE481F6FD70600E7C729 /* Menu */,
				6124BCE11F73C2880099E879 /* Policy */,
				610873A41F7D027200BF81CA /* ProductDetails */,
				61AAB9261F7BC10600CD32D3 /* SortModal */,
				61DA4B861F614B9F00444F64 /* Search */,
			);
			path = Controllers;
			sourceTree = "<group>";
		};
		611EF35D1F5957B6001B8B9C /* Views */ = {
			isa = PBXGroup;
			children = (
				61B5BEDD1F7505DE00E075B7 /* ArticleLoadMoreCell */,
				61B5BED81F75055000E075B7 /* ArticleTableViewCell */,
				6133392A1F69578D0063A754 /* DetailsImagesCollectionCell */,
				61ED88F01F7170C9006BDA79 /* GridCollectionCell */,
				614142D01F6BD28D00379BB9 /* LastArrivalsCollectionViewCell */,
				61534F241F73E22900F24189 /* LastArrivalsLoadMoreCell */,
				614142C21F6AF14300379BB9 /* LastArrivalsTableViewCell */,
				61FDBE4B1F6FE4CC00E7C729 /* MenuCategoryTableViewCell */,
				6180ABFC1F729CD1007768F2 /* MenuDefaultTableViewCell */,
				61B5BEE21F75220A00E075B7 /* MenuImageTableViewCell */,
				61FC3DA61F7EB41900DB0AD7 /* ProductOptionCollectionCell */,
				61AAB92D1F7BD05E00CD32D3 /* SortModalTableViewCell */,
			);
			path = Views;
			sourceTree = "<group>";
		};
		6124BCE11F73C2880099E879 /* Policy */ = {
			isa = PBXGroup;
			children = (
				6124BCE21F73C2880099E879 /* PolicyViewController.swift */,
			);
			path = Policy;
			sourceTree = "<group>";
		};
		6133392A1F69578D0063A754 /* DetailsImagesCollectionCell */ = {
			isa = PBXGroup;
			children = (
				6133392B1F6957AF0063A754 /* DetailsImagesCollectionViewCell.swift */,
				6133392C1F6957AF0063A754 /* DetailsImagesCollectionViewCell.xib */,
			);
			path = DetailsImagesCollectionCell;
			sourceTree = "<group>";
		};
		614142BF1F6AEEEA00379BB9 /* Home */ = {
			isa = PBXGroup;
			children = (
				614142C01F6AEF0400379BB9 /* HomeViewController.swift */,
				614142C71F6AF24E00379BB9 /* HomeTableDataSource.swift */,
				614142C91F6AF26300379BB9 /* HomeTableDelegate.swift */,
			);
			path = Home;
			sourceTree = "<group>";
		};
		614142C21F6AF14300379BB9 /* LastArrivalsTableViewCell */ = {
			isa = PBXGroup;
			children = (
				614142C31F6AF15B00379BB9 /* LastArrivalsTableViewCell.swift */,
				614142C41F6AF15B00379BB9 /* LastArrivalsTableViewCell.xib */,
				614142D51F6BD70400379BB9 /* LastArrivalsTableDataSource.swift */,
				614142D71F6BD8B200379BB9 /* LastArrivalsTableDelegate.swift */,
			);
			path = LastArrivalsTableViewCell;
			sourceTree = "<group>";
		};
		614142D01F6BD28D00379BB9 /* LastArrivalsCollectionViewCell */ = {
			isa = PBXGroup;
			children = (
				614142D11F6BD2A400379BB9 /* LastArrivalsCollectionViewCell.swift */,
				614142D21F6BD2A400379BB9 /* LastArrivalsCollectionViewCell.xib */,
			);
			path = LastArrivalsCollectionViewCell;
			sourceTree = "<group>";
		};
		614142DB1F6C322400379BB9 /* Storyboards */ = {
			isa = PBXGroup;
			children = (
				6106C6C71F7A40A600E87486 /* ArticleDetails.storyboard */,
				6152B1201F79149900045A42 /* ArticlesList.storyboard */,
				6180AC061F72D266007768F2 /* Category.storyboard */,
				61D561741F7419BD00233DA3 /* ImagesCarousel.storyboard */,
				61534F291F73EC2F00F24189 /* LastArrivals.storyboard */,
				61E4E63C1F56C868001C6E01 /* LaunchScreen.storyboard */,
				61E4E6371F56C868001C6E01 /* Home.storyboard */,
				61FDBE461F6FD5BE00E7C729 /* Menu.storyboard */,
				61AB83251F72E6F0009E7343 /* Policy.storyboard */,
				61D561721F7418D000233DA3 /* ProductDetails.storyboard */,
				61A507351F7E7A50004504EF /* ProductOptions.storyboard */,
				61ED88EB1F7169F1006BDA79 /* Search.storyboard */,
				61AAB9291F7BC1F700CD32D3 /* SortModal.storyboard */,
				61127A321F879C5C00565AB1 /* Splash.storyboard */,
			);
			path = Storyboards;
			sourceTree = "<group>";
		};
		6141AAAA1F8BE7C800F9019B /* Splash */ = {
			isa = PBXGroup;
			children = (
				6141AAAE1F8BE7ED00F9019B /* SplashInteractor.swift */,
				6141AAAF1F8BE7ED00F9019B /* SplashModels.swift */,
				6141AAB01F8BE7ED00F9019B /* SplashPresenter.swift */,
				6141AAAD1F8BE7ED00F9019B /* SplashRouter.swift */,
				6141AAAB1F8BE7ED00F9019B /* SplashViewController.swift */,
				6141AAAC1F8BE7ED00F9019B /* SplashWorker.swift */,
			);
			path = Splash;
			sourceTree = "<group>";
		};
		6152B1221F7914DB00045A42 /* ArticlesList */ = {
			isa = PBXGroup;
			children = (
				6152B1231F7914E800045A42 /* ArticlesListViewController.swift */,
				6152B1271F791A1100045A42 /* ArticlesListTableDelegate.swift */,
				6152B1251F79181100045A42 /* ArticlesListTableDataSource.swift */,
			);
			path = ArticlesList;
			sourceTree = "<group>";
		};
		61534F241F73E22900F24189 /* LastArrivalsLoadMoreCell */ = {
			isa = PBXGroup;
			children = (
				61534F251F73E24F00F24189 /* LastArrivalsLoadMoreCell.swift */,
				61534F261F73E24F00F24189 /* LastArrivalsLoadMoreCell.xib */,
			);
			path = LastArrivalsLoadMoreCell;
			sourceTree = "<group>";
		};
		61534F2E1F73EE5E00F24189 /* LastArrivals */ = {
			isa = PBXGroup;
			children = (
				61534F2F1F73EE5E00F24189 /* LastArrivalsViewController.swift */,
			);
			path = LastArrivals;
			sourceTree = "<group>";
		};
		6180ABFC1F729CD1007768F2 /* MenuDefaultTableViewCell */ = {
			isa = PBXGroup;
			children = (
				6180ABFD1F729CF7007768F2 /* MenuDefaultTableViewCell.swift */,
				6180ABFE1F729CF7007768F2 /* MenuDefaultTableViewCell.xib */,
			);
			path = MenuDefaultTableViewCell;
			sourceTree = "<group>";
		};
		6180AC011F72CCFA007768F2 /* SupportingFiles */ = {
			isa = PBXGroup;
			children = (
				6180AC021F72CD14007768F2 /* Localizable.strings */,
			);
			path = SupportingFiles;
			sourceTree = "<group>";
		};
		6180AC081F72D2B9007768F2 /* Category */ = {
			isa = PBXGroup;
			children = (
				6180AC091F72D2D6007768F2 /* CategoryViewController.swift */,
			);
			path = Category;
			sourceTree = "<group>";
		};
		61934FAE1F62C01D00A42853 /* Adapters */ = {
			isa = PBXGroup;
			children = (
				612DE2581F6C3C1E00582B58 /* ShopifyArticleAdapter.swift */,
				612DE25A1F6C3F3C00582B58 /* ShopifyAuthorAdapter.swift */,
				612C0DEA1F62F8C5003F37BD /* ShopifyCategoryEdgeAdapter.swift */,
				6107F0DB1F8FA70C00547DA9 /* ShopifyCategoryAdapter.swift */,
				61934FAF1F62C04400A42853 /* ShopifyImageAdapter.swift */,
				61A507261F7E64FF004504EF /* ShopifyOptionAdapter.swift */,
				61934FB31F62C73B00A42853 /* ShopifyPolicyAdapter.swift */,
				61934FB61F62C76000A42853 /* ShopifyProductAdapter.swift */,
				61B0A4E61F90BD0000C58DF5 /* ShopifyProductEdgeAdapter.swift */,
				61934FB11F62C49900A42853 /* ShopifyProductVariantAdapter.swift */,
				61934FB71F62C76000A42853 /* ShopifyShopAdapter.swift */,
			);
			path = Adapters;
			sourceTree = "<group>";
		};
		61A507291F7E79FB004504EF /* ImagesCarousel */ = {
			isa = PBXGroup;
			children = (
				61A5072A1F7E79FB004504EF /* ImagesCarouselCollectionDelegate.swift */,
				61A5072B1F7E79FB004504EF /* ImagesCarouselCollectionDataSource.swift */,
				61A5072C1F7E79FB004504EF /* ImagesCarouselViewController.swift */,
			);
			path = ImagesCarousel;
			sourceTree = "<group>";
		};
		61A507321F7E7A35004504EF /* ProductOptions */ = {
			isa = PBXGroup;
			children = (
				61A507331F7E7A35004504EF /* ProductOptionsViewController.swift */,
				61FC3DAB1F7EB4E600DB0AD7 /* ProductOptionsCollectionDataSource.swift */,
				61B94C0C1F82323800B6887C /* ProductOptionsCollectionDelegate.swift */,
			);
			path = ProductOptions;
			sourceTree = "<group>";
		};
		61AAB9261F7BC10600CD32D3 /* SortModal */ = {
			isa = PBXGroup;
			children = (
				61AAB9271F7BC11C00CD32D3 /* SortModalViewController.swift */,
				61AAB92B1F7BCF1000CD32D3 /* SortModalDataSource.swift */,
				611B70E91F7C19E20056BAF9 /* SortModalDelegate.swift */,
			);
			path = SortModal;
			sourceTree = "<group>";
		};
		61AAB92D1F7BD05E00CD32D3 /* SortModalTableViewCell */ = {
			isa = PBXGroup;
			children = (
				61AAB92E1F7BD07B00CD32D3 /* SortModalTableViewCell.swift */,
				61AAB92F1F7BD07B00CD32D3 /* SortModalTableViewCell.xib */,
			);
			path = SortModalTableViewCell;
			sourceTree = "<group>";
		};
		61B0A4E81F90DB0D00C58DF5 /* Extensions */ = {
			isa = PBXGroup;
			children = (
				61B0A4E91F90DB2100C58DF5 /* ProductModelHelper.swift */,
				61D472881F90DF6000D7B36E /* CategoryModelHelper.swift */,
				61D4728A1F90DFE300D7B36E /* ProductOptionModelHelper.swift */,
			);
			path = Extensions;
			sourceTree = "<group>";
		};
		61B279431F8E0CA600133770 /* Repositories */ = {
			isa = PBXGroup;
			children = (
				610A4F881F8E7F5500A56919 /* CategoryRepository.swift */,
				61B279441F8E0CD000133770 /* ShopRepository.swift */,
				61B279481F8E403E00133770 /* ShopRepositoryCoreStore.swift */,
				61B279461F8E105900133770 /* PolicyRepository.swift */,
				61B2794A1F8E44B600133770 /* PolicyRepositoryCoreStore.swift */,
				61B0A4E41F90BC4A00C58DF5 /* ProductRepository.swift */,
				6107F0D81F8F8C7000547DA9 /* ImageRepository.swift */,
				617B07EA1F90DDDB00F3463C /* ProductOptionRepository.swift */,
			);
			path = Repositories;
			sourceTree = "<group>";
		};
		61B5BED81F75055000E075B7 /* ArticleTableViewCell */ = {
			isa = PBXGroup;
			children = (
				61B5BED91F75055000E075B7 /* ArticleTableViewCell.swift */,
				61B5BEDA1F75055000E075B7 /* ArticleTableViewCell.xib */,
			);
			path = ArticleTableViewCell;
			sourceTree = "<group>";
		};
		61B5BEDD1F7505DE00E075B7 /* ArticleLoadMoreCell */ = {
			isa = PBXGroup;
			children = (
				61B5BEDE1F7505F700E075B7 /* ArticleLoadMoreCell.swift */,
				61B5BEDF1F7505F700E075B7 /* ArticleLoadMoreCell.xib */,
			);
			path = ArticleLoadMoreCell;
			sourceTree = "<group>";
		};
		61B5BEE21F75220A00E075B7 /* MenuImageTableViewCell */ = {
			isa = PBXGroup;
			children = (
				61B5BEE31F75223400E075B7 /* MenuImageTableViewCell.swift */,
				61B5BEE41F75223400E075B7 /* MenuImageTableViewCell.xib */,
			);
			path = MenuImageTableViewCell;
			sourceTree = "<group>";
		};
		61CEAA641F5E98110016FBD7 /* Constants */ = {
			isa = PBXGroup;
			children = (
				61CEAA651F5E982A0016FBD7 /* Constants.swift */,
			);
			path = Constants;
			sourceTree = "<group>";
		};
		61CEAA6A1F5ECFD10016FBD7 /* Extensions */ = {
			isa = PBXGroup;
			children = (
				61CEAA6B1F5ECFFE0016FBD7 /* UIStoryboardAdditions.swift */,
				6141AAA81F8BDD8500F9019B /* UIViewControllerAlert.swift */,
				61D7A2851F7A9FBF00031093 /* UIViewControllerBarButtonItems.swift */,
				613339321F695A820063A754 /* UIViewControllerChilds.swift */,
				61ED88E91F7112FD006BDA79 /* UIViewControllerImageViewer.swift */,
				61CEAA6D1F5ED16E0016FBD7 /* UIViewControllerRoutes.swift */,
				61FDBE441F6FD4C400E7C729 /* UIViewControllerSideMenu.swift */,
			);
			path = Extensions;
			sourceTree = "<group>";
		};
		61DA4B861F614B9F00444F64 /* Search */ = {
			isa = PBXGroup;
			children = (
				61DA4B871F614BBC00444F64 /* SearchViewController.swift */,
				6106C6C41F796E1900E87486 /* SearchViewControllerDelegate.swift */,
			);
			path = Search;
			sourceTree = "<group>";
		};
		61E4E6271F56C868001C6E01 = {
			isa = PBXGroup;
			children = (
				61E4E6321F56C868001C6E01 /* ShopClient */,
				61E4E6311F56C868001C6E01 /* Products */,
				62DF95DF333AB98BEB47C090 /* Pods */,
				C1A3D849B4890913206CAEDC /* Frameworks */,
			);
			sourceTree = "<group>";
		};
		61E4E6311F56C868001C6E01 /* Products */ = {
			isa = PBXGroup;
			children = (
				61E4E6301F56C868001C6E01 /* ShopClient.app */,
			);
			name = Products;
			sourceTree = "<group>";
		};
		61E4E6321F56C868001C6E01 /* ShopClient */ = {
			isa = PBXGroup;
			children = (
				61E4E6331F56C868001C6E01 /* AppDelegate.swift */,
				611EF33F1F56CBC7001B8B9C /* APIs */,
				61CEAA6A1F5ECFD10016FBD7 /* Extensions */,
				61CEAA641F5E98110016FBD7 /* Constants */,
				611EF3591F5956A3001B8B9C /* Controllers */,
				611EF3501F5829AB001B8B9C /* Models */,
				61127A251F879B3200565AB1 /* Scenes */,
				611EF33C1F56CB81001B8B9C /* ShopCoreAPI */,
				6180AC011F72CCFA007768F2 /* SupportingFiles */,
				614142DB1F6C322400379BB9 /* Storyboards */,
				611EF35D1F5957B6001B8B9C /* Views */,
				61E4E63A1F56C868001C6E01 /* Assets.xcassets */,
				61E4E63F1F56C868001C6E01 /* Info.plist */,
			);
			path = ShopClient;
			sourceTree = "<group>";
		};
		61ED88ED1F716F57006BDA79 /* Base */ = {
			isa = PBXGroup;
			children = (
				61ED88F51F7171DF006BDA79 /* Grid */,
			);
			path = Base;
			sourceTree = "<group>";
		};
		61ED88F01F7170C9006BDA79 /* GridCollectionCell */ = {
			isa = PBXGroup;
			children = (
				61ED88F11F7170C9006BDA79 /* GridCollectionViewCell.swift */,
				61ED88F21F7170C9006BDA79 /* GridCollectionViewCell.xib */,
			);
			path = GridCollectionCell;
			sourceTree = "<group>";
		};
		61ED88F51F7171DF006BDA79 /* Grid */ = {
			isa = PBXGroup;
			children = (
				61ED88F61F7171F1006BDA79 /* GridCollectionViewController.swift */,
				61ED88F81F71720B006BDA79 /* GridCollectionDataSource.swift */,
				61ED88FA1F71721D006BDA79 /* GridCollectionDelegate.swift */,
			);
			path = Grid;
			sourceTree = "<group>";
		};
		61FC3DA61F7EB41900DB0AD7 /* ProductOptionCollectionCell */ = {
			isa = PBXGroup;
			children = (
				61FC3DA71F7EB43700DB0AD7 /* ProductOptionCollectionViewCell.swift */,
				61FC3DA81F7EB43700DB0AD7 /* ProductOptionCollectionViewCell.xib */,
				61B94C0E1F82409300B6887C /* ProductOptionHeaderView.swift */,
				61B94C0F1F82409300B6887C /* ProductOptionHeaderView.xib */,
			);
			path = ProductOptionCollectionCell;
			sourceTree = "<group>";
		};
		61FDBE481F6FD70600E7C729 /* Menu */ = {
			isa = PBXGroup;
			children = (
				61FDBE491F6FD71E00E7C729 /* MenuViewController.swift */,
				61FDBE501F6FE62E00E7C729 /* MenuTableDataSource.swift */,
				6180AC041F72CF19007768F2 /* MenuTableDelegate.swift */,
			);
			path = Menu;
			sourceTree = "<group>";
		};
		61FDBE4B1F6FE4CC00E7C729 /* MenuCategoryTableViewCell */ = {
			isa = PBXGroup;
			children = (
				61FDBE4C1F6FE4EB00E7C729 /* MenuCategoryTableViewCell.swift */,
				61FDBE4D1F6FE4EB00E7C729 /* MenuCategoryTableViewCell.xib */,
			);
			path = MenuCategoryTableViewCell;
			sourceTree = "<group>";
		};
		62DF95DF333AB98BEB47C090 /* Pods */ = {
			isa = PBXGroup;
			children = (
				38B8C07405420E82AD6AAA3E /* Pods-ShopClient.debug.xcconfig */,
				10BBCCE808D12F6C873F9215 /* Pods-ShopClient.release.xcconfig */,
			);
			name = Pods;
			sourceTree = "<group>";
		};
		C1A3D849B4890913206CAEDC /* Frameworks */ = {
			isa = PBXGroup;
			children = (
				C9DA8ECD13CBDF3EE2618FE4 /* Pods_ShopClient.framework */,
			);
			name = Frameworks;
			sourceTree = "<group>";
		};
/* End PBXGroup section */

/* Begin PBXNativeTarget section */
		61E4E62F1F56C868001C6E01 /* ShopClient */ = {
			isa = PBXNativeTarget;
			buildConfigurationList = 61E4E6421F56C868001C6E01 /* Build configuration list for PBXNativeTarget "ShopClient" */;
			buildPhases = (
				055932378C28D17C2085824C /* [CP] Check Pods Manifest.lock */,
				61E4E62C1F56C868001C6E01 /* Sources */,
				61E4E62D1F56C868001C6E01 /* Frameworks */,
				61E4E62E1F56C868001C6E01 /* Resources */,
				7861D8391D7CFE0B5E0888BB /* [CP] Embed Pods Frameworks */,
				3996E684F38DD2BB24DA1044 /* [CP] Copy Pods Resources */,
			);
			buildRules = (
			);
			dependencies = (
			);
			name = ShopClient;
			productName = ShopClient;
			productReference = 61E4E6301F56C868001C6E01 /* ShopClient.app */;
			productType = "com.apple.product-type.application";
		};
/* End PBXNativeTarget section */

/* Begin PBXProject section */
		61E4E6281F56C868001C6E01 /* Project object */ = {
			isa = PBXProject;
			attributes = {
				LastSwiftUpdateCheck = 0830;
				LastUpgradeCheck = 0830;
				ORGANIZATIONNAME = "Evgeniy Antonov";
				TargetAttributes = {
					61E4E62F1F56C868001C6E01 = {
						CreatedOnToolsVersion = 8.3.3;
						ProvisioningStyle = Automatic;
					};
				};
			};
			buildConfigurationList = 61E4E62B1F56C868001C6E01 /* Build configuration list for PBXProject "ShopClient" */;
			compatibilityVersion = "Xcode 3.2";
			developmentRegion = English;
			hasScannedForEncodings = 0;
			knownRegions = (
				en,
				Base,
			);
			mainGroup = 61E4E6271F56C868001C6E01;
			productRefGroup = 61E4E6311F56C868001C6E01 /* Products */;
			projectDirPath = "";
			projectRoot = "";
			targets = (
				61E4E62F1F56C868001C6E01 /* ShopClient */,
			);
		};
/* End PBXProject section */

/* Begin PBXResourcesBuildPhase section */
		61E4E62E1F56C868001C6E01 /* Resources */ = {
			isa = PBXResourcesBuildPhase;
			buildActionMask = 2147483647;
			files = (
				61534F2A1F73EC2F00F24189 /* LastArrivals.storyboard in Resources */,
				61AAB9311F7BD07B00CD32D3 /* SortModalTableViewCell.xib in Resources */,
				6180AC071F72D266007768F2 /* Category.storyboard in Resources */,
				6106C6C81F7A40A600E87486 /* ArticleDetails.storyboard in Resources */,
				61B5BEE11F7505F700E075B7 /* ArticleLoadMoreCell.xib in Resources */,
				61E4E63E1F56C868001C6E01 /* LaunchScreen.storyboard in Resources */,
				61E4E63B1F56C868001C6E01 /* Assets.xcassets in Resources */,
				6180AC031F72CD14007768F2 /* Localizable.strings in Resources */,
				61127A331F879C5C00565AB1 /* Splash.storyboard in Resources */,
				61D561751F7419BD00233DA3 /* ImagesCarousel.storyboard in Resources */,
				61B5BEDC1F75055000E075B7 /* ArticleTableViewCell.xib in Resources */,
				614142C61F6AF15B00379BB9 /* LastArrivalsTableViewCell.xib in Resources */,
				61A507361F7E7A50004504EF /* ProductOptions.storyboard in Resources */,
				61FC3DAA1F7EB43700DB0AD7 /* ProductOptionCollectionViewCell.xib in Resources */,
				6180AC001F729CF7007768F2 /* MenuDefaultTableViewCell.xib in Resources */,
				61AAB92A1F7BC1F700CD32D3 /* SortModal.storyboard in Resources */,
				61534F281F73E24F00F24189 /* LastArrivalsLoadMoreCell.xib in Resources */,
				61FDBE471F6FD5BE00E7C729 /* Menu.storyboard in Resources */,
				614142D41F6BD2A400379BB9 /* LastArrivalsCollectionViewCell.xib in Resources */,
				61B5BEE61F75223400E075B7 /* MenuImageTableViewCell.xib in Resources */,
				61FDBE4F1F6FE4EB00E7C729 /* MenuCategoryTableViewCell.xib in Resources */,
				6133392E1F6957AF0063A754 /* DetailsImagesCollectionViewCell.xib in Resources */,
				6152B1211F79149900045A42 /* ArticlesList.storyboard in Resources */,
				61B94C111F82409300B6887C /* ProductOptionHeaderView.xib in Resources */,
				61AB83261F72E6F0009E7343 /* Policy.storyboard in Resources */,
				61ED88EC1F7169F1006BDA79 /* Search.storyboard in Resources */,
				61D561731F7418D000233DA3 /* ProductDetails.storyboard in Resources */,
				61ED88F41F7170C9006BDA79 /* GridCollectionViewCell.xib in Resources */,
				61E4E6391F56C868001C6E01 /* Home.storyboard in Resources */,
			);
			runOnlyForDeploymentPostprocessing = 0;
		};
/* End PBXResourcesBuildPhase section */

/* Begin PBXShellScriptBuildPhase section */
		055932378C28D17C2085824C /* [CP] Check Pods Manifest.lock */ = {
			isa = PBXShellScriptBuildPhase;
			buildActionMask = 2147483647;
			files = (
			);
			inputPaths = (
				"${PODS_PODFILE_DIR_PATH}/Podfile.lock",
				"${PODS_ROOT}/Manifest.lock",
			);
			name = "[CP] Check Pods Manifest.lock";
			outputPaths = (
				"$(DERIVED_FILE_DIR)/Pods-ShopClient-checkManifestLockResult.txt",
			);
			runOnlyForDeploymentPostprocessing = 0;
			shellPath = /bin/sh;
			shellScript = "diff \"${PODS_PODFILE_DIR_PATH}/Podfile.lock\" \"${PODS_ROOT}/Manifest.lock\" > /dev/null\nif [ $? != 0 ] ; then\n    # print error to STDERR\n    echo \"error: The sandbox is not in sync with the Podfile.lock. Run 'pod install' or update your CocoaPods installation.\" >&2\n    exit 1\nfi\n# This output is used by Xcode 'outputs' to avoid re-running this script phase.\necho \"SUCCESS\" > \"${SCRIPT_OUTPUT_FILE_0}\"\n";
			showEnvVarsInLog = 0;
		};
		3996E684F38DD2BB24DA1044 /* [CP] Copy Pods Resources */ = {
			isa = PBXShellScriptBuildPhase;
			buildActionMask = 2147483647;
			files = (
			);
			inputPaths = (
			);
			name = "[CP] Copy Pods Resources";
			outputPaths = (
			);
			runOnlyForDeploymentPostprocessing = 0;
			shellPath = /bin/sh;
			shellScript = "\"${SRCROOT}/Pods/Target Support Files/Pods-ShopClient/Pods-ShopClient-resources.sh\"\n";
			showEnvVarsInLog = 0;
		};
		7861D8391D7CFE0B5E0888BB /* [CP] Embed Pods Frameworks */ = {
			isa = PBXShellScriptBuildPhase;
			buildActionMask = 2147483647;
			files = (
			);
			inputPaths = (
				"${SRCROOT}/Pods/Target Support Files/Pods-ShopClient/Pods-ShopClient-frameworks.sh",
				"${BUILT_PRODUCTS_DIR}/CoreStore/CoreStore.framework",
				"${BUILT_PRODUCTS_DIR}/MagicalRecord/MagicalRecord.framework",
				"${BUILT_PRODUCTS_DIR}/Mobile-Buy-SDK/MobileBuySDK.framework",
				"${BUILT_PRODUCTS_DIR}/SDWebImage/SDWebImage.framework",
				"${BUILT_PRODUCTS_DIR}/SKPhotoBrowser/SKPhotoBrowser.framework",
				"${BUILT_PRODUCTS_DIR}/SideMenu/SideMenu.framework",
				"${BUILT_PRODUCTS_DIR}/TPKeyboardAvoiding/TPKeyboardAvoiding.framework",
				"${BUILT_PRODUCTS_DIR}/UIScrollView-InfiniteScroll/UIScrollView_InfiniteScroll.framework",
			);
			name = "[CP] Embed Pods Frameworks";
			outputPaths = (
				"${TARGET_BUILD_DIR}/${FRAMEWORKS_FOLDER_PATH}/CoreStore.framework",
				"${TARGET_BUILD_DIR}/${FRAMEWORKS_FOLDER_PATH}/MagicalRecord.framework",
				"${TARGET_BUILD_DIR}/${FRAMEWORKS_FOLDER_PATH}/MobileBuySDK.framework",
				"${TARGET_BUILD_DIR}/${FRAMEWORKS_FOLDER_PATH}/SDWebImage.framework",
				"${TARGET_BUILD_DIR}/${FRAMEWORKS_FOLDER_PATH}/SKPhotoBrowser.framework",
				"${TARGET_BUILD_DIR}/${FRAMEWORKS_FOLDER_PATH}/SideMenu.framework",
				"${TARGET_BUILD_DIR}/${FRAMEWORKS_FOLDER_PATH}/TPKeyboardAvoiding.framework",
				"${TARGET_BUILD_DIR}/${FRAMEWORKS_FOLDER_PATH}/UIScrollView_InfiniteScroll.framework",
			);
			runOnlyForDeploymentPostprocessing = 0;
			shellPath = /bin/sh;
			shellScript = "\"${SRCROOT}/Pods/Target Support Files/Pods-ShopClient/Pods-ShopClient-frameworks.sh\"\n";
			showEnvVarsInLog = 0;
		};
/* End PBXShellScriptBuildPhase section */

/* Begin PBXSourcesBuildPhase section */
		61E4E62C1F56C868001C6E01 /* Sources */ = {
			isa = PBXSourcesBuildPhase;
			buildActionMask = 2147483647;
			files = (
				6107F0D91F8F8C7000547DA9 /* ImageRepository.swift in Sources */,
				61CEAA661F5E982A0016FBD7 /* Constants.swift in Sources */,
				614142C11F6AEF0400379BB9 /* HomeViewController.swift in Sources */,
				61D7A2861F7A9FBF00031093 /* UIViewControllerBarButtonItems.swift in Sources */,
				61ED88FB1F71721D006BDA79 /* GridCollectionDelegate.swift in Sources */,
				612DE2591F6C3C1E00582B58 /* ShopifyArticleAdapter.swift in Sources */,
				61FDBE4E1F6FE4EB00E7C729 /* MenuCategoryTableViewCell.swift in Sources */,
				61ED88EA1F7112FD006BDA79 /* UIViewControllerImageViewer.swift in Sources */,
				611EF33E1F56CBB1001B8B9C /* ShopCoreAPI.swift in Sources */,
				61ED88F71F7171F1006BDA79 /* GridCollectionViewController.swift in Sources */,
				6141AAA91F8BDD8500F9019B /* UIViewControllerAlert.swift in Sources */,
				61B94C0D1F82323800B6887C /* ProductOptionsCollectionDelegate.swift in Sources */,
				6180AC051F72CF19007768F2 /* MenuTableDelegate.swift in Sources */,
				612DE25B1F6C3F3C00582B58 /* ShopifyAuthorAdapter.swift in Sources */,
				61B0A4EA1F90DB2100C58DF5 /* ProductModelHelper.swift in Sources */,
				61AAB92C1F7BCF1000CD32D3 /* SortModalDataSource.swift in Sources */,
				61534F301F73EE5E00F24189 /* LastArrivalsViewController.swift in Sources */,
				61A5072F1F7E79FB004504EF /* ImagesCarouselViewController.swift in Sources */,
				61B94C101F82409300B6887C /* ProductOptionHeaderView.swift in Sources */,
				6106C6CB1F7A40F400E87486 /* ArticleDetailsViewController.swift in Sources */,
				61B0A4E51F90BC4A00C58DF5 /* ProductRepository.swift in Sources */,
				6124BCE31F73C2880099E879 /* PolicyViewController.swift in Sources */,
				618A24AE1F5D4B2700570D26 /* ProductVariant.swift in Sources */,
				61934FB21F62C49900A42853 /* ShopifyProductVariantAdapter.swift in Sources */,
				6141AAB31F8BE7ED00F9019B /* SplashRouter.swift in Sources */,
				61A5072E1F7E79FB004504EF /* ImagesCarouselCollectionDataSource.swift in Sources */,
				61AAB9281F7BC11C00CD32D3 /* SortModalViewController.swift in Sources */,
				6133392D1F6957AF0063A754 /* DetailsImagesCollectionViewCell.swift in Sources */,
				610A4F891F8E7F5500A56919 /* CategoryRepository.swift in Sources */,
				61B279421F8E0B5300133770 /* ShopAPIModelInterface.swift in Sources */,
				614142CA1F6AF26300379BB9 /* HomeTableDelegate.swift in Sources */,
				6141AAB91F8BE92700F9019B /* ShopClient.xcdatamodeld in Sources */,
				61A507271F7E64FF004504EF /* ShopifyOptionAdapter.swift in Sources */,
				61534F271F73E24F00F24189 /* LastArrivalsLoadMoreCell.swift in Sources */,
				613339331F695A820063A754 /* UIViewControllerChilds.swift in Sources */,
				6106C6C51F796E1900E87486 /* SearchViewControllerDelegate.swift in Sources */,
				61B2794F1F8E48C400133770 /* ShopRepository.swift in Sources */,
				617B07EB1F90DDDB00F3463C /* ProductOptionRepository.swift in Sources */,
				614142D61F6BD70400379BB9 /* LastArrivalsTableDataSource.swift in Sources */,
				61AAB9301F7BD07B00CD32D3 /* SortModalTableViewCell.swift in Sources */,
				61D472891F90DF6000D7B36E /* CategoryModelHelper.swift in Sources */,
				61934FB91F62C76000A42853 /* ShopifyProductAdapter.swift in Sources */,
				61D4728B1F90DFE300D7B36E /* ProductOptionModelHelper.swift in Sources */,
				61CEAA6C1F5ECFFE0016FBD7 /* UIStoryboardAdditions.swift in Sources */,
				6152B1281F791A1100045A42 /* ArticlesListTableDelegate.swift in Sources */,
				611EF3441F56DA2A001B8B9C /* ShopifyAPI.swift in Sources */,
				6152B1241F7914E800045A42 /* ArticlesListViewController.swift in Sources */,
				614142C51F6AF15B00379BB9 /* LastArrivalsTableViewCell.swift in Sources */,
				6141AAB11F8BE7ED00F9019B /* SplashViewController.swift in Sources */,
				61B5BEE51F75223400E075B7 /* MenuImageTableViewCell.swift in Sources */,
				61FDBE4A1F6FD71E00E7C729 /* MenuViewController.swift in Sources */,
				61B0A4E71F90BD0000C58DF5 /* ShopifyProductEdgeAdapter.swift in Sources */,
				6141AAB61F8BE7ED00F9019B /* SplashPresenter.swift in Sources */,
				61DA4B881F614BBC00444F64 /* SearchViewController.swift in Sources */,
				6141AAB21F8BE7ED00F9019B /* SplashWorker.swift in Sources */,
				61ED88F31F7170C9006BDA79 /* GridCollectionViewCell.swift in Sources */,
				610873AB1F7D027200BF81CA /* ProductDetailsViewController.swift in Sources */,
				614142D31F6BD2A400379BB9 /* LastArrivalsCollectionViewCell.swift in Sources */,
				6141AAB51F8BE7ED00F9019B /* SplashModels.swift in Sources */,
				611B70EA1F7C19E20056BAF9 /* SortModalDelegate.swift in Sources */,
				6107F0DC1F8FA70C00547DA9 /* ShopifyCategoryAdapter.swift in Sources */,
				6152B1261F79181100045A42 /* ArticlesListTableDataSource.swift in Sources */,
				6180AC0A1F72D2D6007768F2 /* CategoryViewController.swift in Sources */,
				61934FB41F62C73B00A42853 /* ShopifyPolicyAdapter.swift in Sources */,
				61A507341F7E7A35004504EF /* ProductOptionsViewController.swift in Sources */,
				614142DA1F6C266000379BB9 /* Article.swift in Sources */,
				612DE2571F6C3ADA00582B58 /* Author.swift in Sources */,
				61FC3DA91F7EB43700DB0AD7 /* ProductOptionCollectionViewCell.swift in Sources */,
				611EF3411F56CBE6001B8B9C /* ShopAPIProtocol.swift in Sources */,
				612C0DEB1F62F8C5003F37BD /* ShopifyCategoryEdgeAdapter.swift in Sources */,
				61FC3DAC1F7EB4E600DB0AD7 /* ProductOptionsCollectionDataSource.swift in Sources */,
				6180ABFF1F729CF7007768F2 /* MenuDefaultTableViewCell.swift in Sources */,
				61B5BEDB1F75055000E075B7 /* ArticleTableViewCell.swift in Sources */,
				61FDBE511F6FE62E00E7C729 /* MenuTableDataSource.swift in Sources */,
				61FDBE451F6FD4C400E7C729 /* UIViewControllerSideMenu.swift in Sources */,
				61E4E6341F56C868001C6E01 /* AppDelegate.swift in Sources */,
				61934FB01F62C04400A42853 /* ShopifyImageAdapter.swift in Sources */,
				614142D81F6BD8B200379BB9 /* LastArrivalsTableDelegate.swift in Sources */,
				614142C81F6AF24E00379BB9 /* HomeTableDataSource.swift in Sources */,
				61CEAA6E1F5ED16E0016FBD7 /* UIViewControllerRoutes.swift in Sources */,
				61A5072D1F7E79FB004504EF /* ImagesCarouselCollectionDelegate.swift in Sources */,
				6141AAB41F8BE7ED00F9019B /* SplashInteractor.swift in Sources */,
				61934FBA1F62C76000A42853 /* ShopifyShopAdapter.swift in Sources */,
				61B279501F8E48C900133770 /* PolicyRepository.swift in Sources */,
				61B5BEE01F7505F700E075B7 /* ArticleLoadMoreCell.swift in Sources */,
				61ED88F91F71720B006BDA79 /* GridCollectionDataSource.swift in Sources */,
			);
			runOnlyForDeploymentPostprocessing = 0;
		};
/* End PBXSourcesBuildPhase section */

/* Begin PBXVariantGroup section */
		61E4E6371F56C868001C6E01 /* Home.storyboard */ = {
			isa = PBXVariantGroup;
			children = (
				61E4E6381F56C868001C6E01 /* Base */,
			);
			name = Home.storyboard;
			path = ..;
			sourceTree = "<group>";
		};
		61E4E63C1F56C868001C6E01 /* LaunchScreen.storyboard */ = {
			isa = PBXVariantGroup;
			children = (
				61E4E63D1F56C868001C6E01 /* Base */,
			);
			name = LaunchScreen.storyboard;
			path = ..;
			sourceTree = "<group>";
		};
/* End PBXVariantGroup section */

/* Begin XCBuildConfiguration section */
		61E4E6401F56C868001C6E01 /* Debug */ = {
			isa = XCBuildConfiguration;
			buildSettings = {
				ALWAYS_SEARCH_USER_PATHS = NO;
				CLANG_ANALYZER_NONNULL = YES;
				CLANG_ANALYZER_NUMBER_OBJECT_CONVERSION = YES_AGGRESSIVE;
				CLANG_CXX_LANGUAGE_STANDARD = "gnu++0x";
				CLANG_CXX_LIBRARY = "libc++";
				CLANG_ENABLE_MODULES = YES;
				CLANG_ENABLE_OBJC_ARC = YES;
				CLANG_WARN_BOOL_CONVERSION = YES;
				CLANG_WARN_CONSTANT_CONVERSION = YES;
				CLANG_WARN_DIRECT_OBJC_ISA_USAGE = YES_ERROR;
				CLANG_WARN_DOCUMENTATION_COMMENTS = YES;
				CLANG_WARN_EMPTY_BODY = YES;
				CLANG_WARN_ENUM_CONVERSION = YES;
				CLANG_WARN_INFINITE_RECURSION = YES;
				CLANG_WARN_INT_CONVERSION = YES;
				CLANG_WARN_OBJC_ROOT_CLASS = YES_ERROR;
				CLANG_WARN_SUSPICIOUS_MOVE = YES;
				CLANG_WARN_UNREACHABLE_CODE = YES;
				CLANG_WARN__DUPLICATE_METHOD_MATCH = YES;
				"CODE_SIGN_IDENTITY[sdk=iphoneos*]" = "iPhone Developer";
				COPY_PHASE_STRIP = NO;
				DEBUG_INFORMATION_FORMAT = dwarf;
				ENABLE_STRICT_OBJC_MSGSEND = YES;
				ENABLE_TESTABILITY = YES;
				GCC_C_LANGUAGE_STANDARD = gnu99;
				GCC_DYNAMIC_NO_PIC = NO;
				GCC_NO_COMMON_BLOCKS = YES;
				GCC_OPTIMIZATION_LEVEL = 0;
				GCC_PREPROCESSOR_DEFINITIONS = (
					"DEBUG=1",
					"$(inherited)",
				);
				GCC_WARN_64_TO_32_BIT_CONVERSION = YES;
				GCC_WARN_ABOUT_RETURN_TYPE = YES_ERROR;
				GCC_WARN_UNDECLARED_SELECTOR = YES;
				GCC_WARN_UNINITIALIZED_AUTOS = YES_AGGRESSIVE;
				GCC_WARN_UNUSED_FUNCTION = YES;
				GCC_WARN_UNUSED_VARIABLE = YES;
				IPHONEOS_DEPLOYMENT_TARGET = 10.0;
				MTL_ENABLE_DEBUG_INFO = YES;
				ONLY_ACTIVE_ARCH = YES;
				SDKROOT = iphoneos;
				SWIFT_ACTIVE_COMPILATION_CONDITIONS = DEBUG;
				SWIFT_OPTIMIZATION_LEVEL = "-Onone";
			};
			name = Debug;
		};
		61E4E6411F56C868001C6E01 /* Release */ = {
			isa = XCBuildConfiguration;
			buildSettings = {
				ALWAYS_SEARCH_USER_PATHS = NO;
				CLANG_ANALYZER_NONNULL = YES;
				CLANG_ANALYZER_NUMBER_OBJECT_CONVERSION = YES_AGGRESSIVE;
				CLANG_CXX_LANGUAGE_STANDARD = "gnu++0x";
				CLANG_CXX_LIBRARY = "libc++";
				CLANG_ENABLE_MODULES = YES;
				CLANG_ENABLE_OBJC_ARC = YES;
				CLANG_WARN_BOOL_CONVERSION = YES;
				CLANG_WARN_CONSTANT_CONVERSION = YES;
				CLANG_WARN_DIRECT_OBJC_ISA_USAGE = YES_ERROR;
				CLANG_WARN_DOCUMENTATION_COMMENTS = YES;
				CLANG_WARN_EMPTY_BODY = YES;
				CLANG_WARN_ENUM_CONVERSION = YES;
				CLANG_WARN_INFINITE_RECURSION = YES;
				CLANG_WARN_INT_CONVERSION = YES;
				CLANG_WARN_OBJC_ROOT_CLASS = YES_ERROR;
				CLANG_WARN_SUSPICIOUS_MOVE = YES;
				CLANG_WARN_UNREACHABLE_CODE = YES;
				CLANG_WARN__DUPLICATE_METHOD_MATCH = YES;
				"CODE_SIGN_IDENTITY[sdk=iphoneos*]" = "iPhone Developer";
				COPY_PHASE_STRIP = NO;
				DEBUG_INFORMATION_FORMAT = "dwarf-with-dsym";
				ENABLE_NS_ASSERTIONS = NO;
				ENABLE_STRICT_OBJC_MSGSEND = YES;
				GCC_C_LANGUAGE_STANDARD = gnu99;
				GCC_NO_COMMON_BLOCKS = YES;
				GCC_WARN_64_TO_32_BIT_CONVERSION = YES;
				GCC_WARN_ABOUT_RETURN_TYPE = YES_ERROR;
				GCC_WARN_UNDECLARED_SELECTOR = YES;
				GCC_WARN_UNINITIALIZED_AUTOS = YES_AGGRESSIVE;
				GCC_WARN_UNUSED_FUNCTION = YES;
				GCC_WARN_UNUSED_VARIABLE = YES;
				IPHONEOS_DEPLOYMENT_TARGET = 10.0;
				MTL_ENABLE_DEBUG_INFO = NO;
				SDKROOT = iphoneos;
				SWIFT_OPTIMIZATION_LEVEL = "-Owholemodule";
				VALIDATE_PRODUCT = YES;
			};
			name = Release;
		};
		61E4E6431F56C868001C6E01 /* Debug */ = {
			isa = XCBuildConfiguration;
			baseConfigurationReference = 38B8C07405420E82AD6AAA3E /* Pods-ShopClient.debug.xcconfig */;
			buildSettings = {
				ASSETCATALOG_COMPILER_APPICON_NAME = AppIcon;
				INFOPLIST_FILE = ShopClient/Info.plist;
				LD_RUNPATH_SEARCH_PATHS = "$(inherited) @executable_path/Frameworks";
				PRODUCT_BUNDLE_IDENTIFIER = RG.ShopClient;
				PRODUCT_NAME = "$(TARGET_NAME)";
				SWIFT_VERSION = 3.0;
			};
			name = Debug;
		};
		61E4E6441F56C868001C6E01 /* Release */ = {
			isa = XCBuildConfiguration;
			baseConfigurationReference = 10BBCCE808D12F6C873F9215 /* Pods-ShopClient.release.xcconfig */;
			buildSettings = {
				ASSETCATALOG_COMPILER_APPICON_NAME = AppIcon;
				INFOPLIST_FILE = ShopClient/Info.plist;
				LD_RUNPATH_SEARCH_PATHS = "$(inherited) @executable_path/Frameworks";
				PRODUCT_BUNDLE_IDENTIFIER = RG.ShopClient;
				PRODUCT_NAME = "$(TARGET_NAME)";
				SWIFT_VERSION = 3.0;
			};
			name = Release;
		};
/* End XCBuildConfiguration section */

/* Begin XCConfigurationList section */
		61E4E62B1F56C868001C6E01 /* Build configuration list for PBXProject "ShopClient" */ = {
			isa = XCConfigurationList;
			buildConfigurations = (
				61E4E6401F56C868001C6E01 /* Debug */,
				61E4E6411F56C868001C6E01 /* Release */,
			);
			defaultConfigurationIsVisible = 0;
			defaultConfigurationName = Release;
		};
		61E4E6421F56C868001C6E01 /* Build configuration list for PBXNativeTarget "ShopClient" */ = {
			isa = XCConfigurationList;
			buildConfigurations = (
				61E4E6431F56C868001C6E01 /* Debug */,
				61E4E6441F56C868001C6E01 /* Release */,
			);
			defaultConfigurationIsVisible = 0;
			defaultConfigurationName = Release;
		};
/* End XCConfigurationList section */

/* Begin XCVersionGroup section */
		6141AAB71F8BE92700F9019B /* ShopClient.xcdatamodeld */ = {
			isa = XCVersionGroup;
			children = (
				6141AAB81F8BE92700F9019B /* ShopClient.xcdatamodel */,
			);
			currentVersion = 6141AAB81F8BE92700F9019B /* ShopClient.xcdatamodel */;
			path = ShopClient.xcdatamodeld;
			sourceTree = "<group>";
			versionGroupType = wrapper.xcdatamodel;
		};
/* End XCVersionGroup section */
	};
	rootObject = 61E4E6281F56C868001C6E01 /* Project object */;
}
